PODS:
  - Cache (5.3.0)
  - Imaginary (4.3.1):
    - Cache (~> 5.3.0)
  - Lightbox (2.4.2):
    - Imaginary (~> 4.3.1)
  - Nuke (9.1.2)
  - SwiftLint (0.40.2)
  - Toast-Swift (5.0.1)

DEPENDENCIES:
  - Lightbox (~> 2.4.2)
  - Nuke (~> 9.0)
  - SwiftLint
  - Toast-Swift (~> 5.0.1)

SPEC REPOS:
  trunk:
    - Cache
    - Imaginary
    - Lightbox
    - Nuke
    - SwiftLint
    - Toast-Swift

SPEC CHECKSUMS:
  Cache: 48762993ec44e1d93483c4d4a13edd18452326f4
  Imaginary: 18c5bba364229eef383b925199db442e71d175e1
  Lightbox: 8837c35c1150fa0410d94296e369b432d37f18c7
  Nuke: dd2e6be6a34c042a7861e190632781d11f253026
  SwiftLint: 1216c910d27c2633ade33b4f071bb6b930982e62
  Toast-Swift: 9b6a70f28b3bf0b96c40d46c0c4b9d6639846711

PODFILE CHECKSUM: f44903f81f245fd84d98a3be3f09a0add8401669

COCOAPODS: 1.9.3
