// !$*UTF8*$!
{
	archiveVersion = 1;
	classes = {
	};
	objectVersion = 51;
	objects = {

/* Begin PBXBuildFile section */
		2200E52E23960F3500897286 /* Localizable.swift in Sources */ = {isa = PBXBuildFile; fileRef = 2200E52D23960F3500897286 /* Localizable.swift */; };
		2200E53123961C6200897286 /* AboutViewStrings.plist in Resources */ = {isa = PBXBuildFile; fileRef = 2200E53323961C6200897286 /* AboutViewStrings.plist */; };
		2200E53B239621FE00897286 /* DetailViewStrings.plist in Resources */ = {isa = PBXBuildFile; fileRef = 2200E53D239621FE00897286 /* DetailViewStrings.plist */; };
		2200E53F2396220500897286 /* DiscoverViewStrings.plist in Resources */ = {isa = PBXBuildFile; fileRef = 2200E5412396220500897286 /* DiscoverViewStrings.plist */; };
		2200E5432396220D00897286 /* FavoritesViewStrings.plist in Resources */ = {isa = PBXBuildFile; fileRef = 2200E5452396220D00897286 /* FavoritesViewStrings.plist */; };
		2200E5472396270F00897286 /* UserDefaultsBacked.swift in Sources */ = {isa = PBXBuildFile; fileRef = 220EE6FE23924080006B16EB /* UserDefaultsBacked.swift */; };
		2200E5492396271600897286 /* Localizable.swift in Sources */ = {isa = PBXBuildFile; fileRef = 2200E52D23960F3500897286 /* Localizable.swift */; };
		2202F50D211ECE4700DEFDE1 /* DetailViewController.swift in Sources */ = {isa = PBXBuildFile; fileRef = 2202F50C211ECE4700DEFDE1 /* DetailViewController.swift */; };
		2203F0BA2411C68C00D01C99 /* MessageView.xib in Resources */ = {isa = PBXBuildFile; fileRef = 2203F0B92411C68C00D01C99 /* MessageView.xib */; };
		2203F0BC2411C75E00D01C99 /* MessageView.swift in Sources */ = {isa = PBXBuildFile; fileRef = 2203F0BB2411C75E00D01C99 /* MessageView.swift */; };
		2207E602236278BD009F9CD5 /* FavoritesManager.swift in Sources */ = {isa = PBXBuildFile; fileRef = 2207E601236278BD009F9CD5 /* FavoritesManager.swift */; };
		2207E603236278BD009F9CD5 /* FavoritesManager.swift in Sources */ = {isa = PBXBuildFile; fileRef = 2207E601236278BD009F9CD5 /* FavoritesManager.swift */; };
		220B1F24234D7EBB008BAAF6 /* AccessibilityIdentifiers.swift in Sources */ = {isa = PBXBuildFile; fileRef = 220B1F23234D7EBB008BAAF6 /* AccessibilityIdentifiers.swift */; };
		220B1F25234D7EBB008BAAF6 /* AccessibilityIdentifiers.swift in Sources */ = {isa = PBXBuildFile; fileRef = 220B1F23234D7EBB008BAAF6 /* AccessibilityIdentifiers.swift */; };
		220EE6FF23924080006B16EB /* UserDefaultsBacked.swift in Sources */ = {isa = PBXBuildFile; fileRef = 220EE6FE23924080006B16EB /* UserDefaultsBacked.swift */; };
		222120D623601163009D24AB /* FavoritesViewController.swift in Sources */ = {isa = PBXBuildFile; fileRef = 222120D523601163009D24AB /* FavoritesViewController.swift */; };
		222120D8236013DB009D24AB /* FavoritesCell.swift in Sources */ = {isa = PBXBuildFile; fileRef = 222120D7236013DB009D24AB /* FavoritesCell.swift */; };
		22288FCF231CB60100EE082E /* AboutViewController.swift in Sources */ = {isa = PBXBuildFile; fileRef = 22288FCE231CB60100EE082E /* AboutViewController.swift */; };
		223A2BF2233B0FFA00005DFA /* EnvironmentManager.swift in Sources */ = {isa = PBXBuildFile; fileRef = 223A2BF1233B0FFA00005DFA /* EnvironmentManager.swift */; };
		2244523B212D08A100889244 /* Assets.xcassets in Resources */ = {isa = PBXBuildFile; fileRef = 2244523A212D08A100889244 /* Assets.xcassets */; };
		225220342104391100221D29 /* AppDelegate.swift in Sources */ = {isa = PBXBuildFile; fileRef = 225220332104391100221D29 /* AppDelegate.swift */; };
		225220362104391100221D29 /* DiscoverViewController.swift in Sources */ = {isa = PBXBuildFile; fileRef = 225220352104391100221D29 /* DiscoverViewController.swift */; };
		225220392104391100221D29 /* Main.storyboard in Resources */ = {isa = PBXBuildFile; fileRef = 225220372104391100221D29 /* Main.storyboard */; };
		225220412104391200221D29 /* LaunchScreen.storyboard in Resources */ = {isa = PBXBuildFile; fileRef = 2252203F2104391200221D29 /* LaunchScreen.storyboard */; };
		2252204921043C0E00221D29 /* Apod.swift in Sources */ = {isa = PBXBuildFile; fileRef = 2252204821043C0E00221D29 /* Apod.swift */; };
		225A539423D579DD00677896 /* EnvironmentManager.swift in Sources */ = {isa = PBXBuildFile; fileRef = 223A2BF1233B0FFA00005DFA /* EnvironmentManager.swift */; };
		226E25B723245E9800908A39 /* OrderedSet.swift in Sources */ = {isa = PBXBuildFile; fileRef = 226E25B623245E9800908A39 /* OrderedSet.swift */; };
		227846B62346CDCE009F01B8 /* single_response_success.json in Resources */ = {isa = PBXBuildFile; fileRef = 227846B42346CDCE009F01B8 /* single_response_success.json */; };
		2281F27C23877242001D52D3 /* NSMutableAttributedString+Extensions.swift in Sources */ = {isa = PBXBuildFile; fileRef = 22E315C823726D40008EDF34 /* NSMutableAttributedString+Extensions.swift */; };
		2281F27E23877248001D52D3 /* UICollectionViewCell+Extensions.swift in Sources */ = {isa = PBXBuildFile; fileRef = 22E315D02372777F008EDF34 /* UICollectionViewCell+Extensions.swift */; };
		2281F27F2387724A001D52D3 /* UIFont+Extensions.swift in Sources */ = {isa = PBXBuildFile; fileRef = 22E315CC23726D71008EDF34 /* UIFont+Extensions.swift */; };
		2281F2802387724C001D52D3 /* UITableViewCell+Extensions.swift in Sources */ = {isa = PBXBuildFile; fileRef = 22E315CA23726D5F008EDF34 /* UITableViewCell+Extensions.swift */; };
		2281F2812387724F001D52D3 /* UIView+Extensions.swift in Sources */ = {isa = PBXBuildFile; fileRef = 22E315CE23726F84008EDF34 /* UIView+Extensions.swift */; };
		2281F28B2387732B001D52D3 /* DateFormatter+Extensions.swift in Sources */ = {isa = PBXBuildFile; fileRef = 22E315C223726CC7008EDF34 /* DateFormatter+Extensions.swift */; };
		2281F28E238791EB001D52D3 /* Optional+Extensions.swift in Sources */ = {isa = PBXBuildFile; fileRef = 2281F28D238791EB001D52D3 /* Optional+Extensions.swift */; };
		2281F28F238791EB001D52D3 /* Optional+Extensions.swift in Sources */ = {isa = PBXBuildFile; fileRef = 2281F28D238791EB001D52D3 /* Optional+Extensions.swift */; };
		2281F29323879701001D52D3 /* ShareManager.swift in Sources */ = {isa = PBXBuildFile; fileRef = 2281F29223879701001D52D3 /* ShareManager.swift */; };
		2281F29423879701001D52D3 /* ShareManager.swift in Sources */ = {isa = PBXBuildFile; fileRef = 2281F29223879701001D52D3 /* ShareManager.swift */; };
		2281F2972387C22C001D52D3 /* Date+Extensions.swift in Sources */ = {isa = PBXBuildFile; fileRef = 2281F2962387C22C001D52D3 /* Date+Extensions.swift */; };
		2281F2982387C22C001D52D3 /* Date+Extensions.swift in Sources */ = {isa = PBXBuildFile; fileRef = 2281F2962387C22C001D52D3 /* Date+Extensions.swift */; };
		2281F29B2387CA0A001D52D3 /* LightboxController+Extensions.swift in Sources */ = {isa = PBXBuildFile; fileRef = 2281F29A2387CA0A001D52D3 /* LightboxController+Extensions.swift */; };
		22AA2656241F00C200761B4D /* ApodViewModelTests.swift in Sources */ = {isa = PBXBuildFile; fileRef = 22AA2655241F00C200761B4D /* ApodViewModelTests.swift */; };
		22AA2658241F018200761B4D /* ApodViewModel.swift in Sources */ = {isa = PBXBuildFile; fileRef = 22C5485723568A7A002A52B4 /* ApodViewModel.swift */; };
		22AA265C241F04EA00761B4D /* DynamicFont.swift in Sources */ = {isa = PBXBuildFile; fileRef = 22B43D6123416B2800DD2A30 /* DynamicFont.swift */; };
		22AA265D241F04FC00761B4D /* DynamicFonts.plist in Resources */ = {isa = PBXBuildFile; fileRef = 22B43D5F234169F900DD2A30 /* DynamicFonts.plist */; };
		22AA265F241F06CC00761B4D /* Apod+Dummy.swift in Sources */ = {isa = PBXBuildFile; fileRef = 22AA265E241F06CC00761B4D /* Apod+Dummy.swift */; };
		22AA2662241F093D00761B4D /* FavoritesViewStrings.plist in Resources */ = {isa = PBXBuildFile; fileRef = 2200E5452396220D00897286 /* FavoritesViewStrings.plist */; };
		22AA2663241F093F00761B4D /* DiscoverViewStrings.plist in Resources */ = {isa = PBXBuildFile; fileRef = 2200E5412396220500897286 /* DiscoverViewStrings.plist */; };
		22AA2664241F094100761B4D /* DetailViewStrings.plist in Resources */ = {isa = PBXBuildFile; fileRef = 2200E53D239621FE00897286 /* DetailViewStrings.plist */; };
		22AA2665241F094300761B4D /* AboutViewStrings.plist in Resources */ = {isa = PBXBuildFile; fileRef = 2200E53323961C6200897286 /* AboutViewStrings.plist */; };
		22AA2666241F095300761B4D /* MessageViewStrings.plist in Resources */ = {isa = PBXBuildFile; fileRef = 22AA2669241F095300761B4D /* MessageViewStrings.plist */; };
		22AA2667241F095300761B4D /* MessageViewStrings.plist in Resources */ = {isa = PBXBuildFile; fileRef = 22AA2669241F095300761B4D /* MessageViewStrings.plist */; };
		22AA266A241F095A00761B4D /* ShareStrings.plist in Resources */ = {isa = PBXBuildFile; fileRef = 22AA266D241F095A00761B4D /* ShareStrings.plist */; };
		22AA266B241F095A00761B4D /* ShareStrings.plist in Resources */ = {isa = PBXBuildFile; fileRef = 22AA266D241F095A00761B4D /* ShareStrings.plist */; };
		22AA95B021055E47001B755F /* Endpoint.swift in Sources */ = {isa = PBXBuildFile; fileRef = 22AA95AF21055E47001B755F /* Endpoint.swift */; };
		22AD236323D51A5100AF5992 /* HTTPURLResponse+Dummy.swift in Sources */ = {isa = PBXBuildFile; fileRef = 22AD236223D51A5100AF5992 /* HTTPURLResponse+Dummy.swift */; };
		22AD236523D52E2400AF5992 /* APIErrorTests.swift in Sources */ = {isa = PBXBuildFile; fileRef = 22AD236423D52E2400AF5992 /* APIErrorTests.swift */; };
		22B381122104583800DCDC24 /* DiscoverCell.swift in Sources */ = {isa = PBXBuildFile; fileRef = 22B381102104583800DCDC24 /* DiscoverCell.swift */; };
		22B43D60234169F900DD2A30 /* DynamicFonts.plist in Resources */ = {isa = PBXBuildFile; fileRef = 22B43D5F234169F900DD2A30 /* DynamicFonts.plist */; };
		22B43D6223416B2800DD2A30 /* DynamicFont.swift in Sources */ = {isa = PBXBuildFile; fileRef = 22B43D6123416B2800DD2A30 /* DynamicFont.swift */; };
		22BC0A0D21056A580086BB19 /* CosmosClient.swift in Sources */ = {isa = PBXBuildFile; fileRef = 22BC0A0C21056A580086BB19 /* CosmosClient.swift */; };
		22C5485823568A7A002A52B4 /* ApodViewModel.swift in Sources */ = {isa = PBXBuildFile; fileRef = 22C5485723568A7A002A52B4 /* ApodViewModel.swift */; };
		22C5485D2356E824002A52B4 /* EnvironmentManagerTest.swift in Sources */ = {isa = PBXBuildFile; fileRef = 22C5485C2356E824002A52B4 /* EnvironmentManagerTest.swift */; };
		22C834192349630200B876A6 /* OrderedSetTests.swift in Sources */ = {isa = PBXBuildFile; fileRef = 22C834182349630200B876A6 /* OrderedSetTests.swift */; };
		22C8341A2349638B00B876A6 /* OrderedSet.swift in Sources */ = {isa = PBXBuildFile; fileRef = 226E25B623245E9800908A39 /* OrderedSet.swift */; };
		22C8341D2349707600B876A6 /* ranged_response_success.json in Resources */ = {isa = PBXBuildFile; fileRef = 222DDF6422D2869E00BE3645 /* ranged_response_success.json */; };
		22CE2919234479BC00170FEE /* CosmosClientTests.swift in Sources */ = {isa = PBXBuildFile; fileRef = 22CE2918234479BC00170FEE /* CosmosClientTests.swift */; };
		22CE291A234479E100170FEE /* MockSession.swift in Sources */ = {isa = PBXBuildFile; fileRef = 22CE29162344700D00170FEE /* MockSession.swift */; };
		22CE291C23447B0C00170FEE /* CosmosClient.swift in Sources */ = {isa = PBXBuildFile; fileRef = 22BC0A0C21056A580086BB19 /* CosmosClient.swift */; };
		22CE291D23447BA000170FEE /* Apod.swift in Sources */ = {isa = PBXBuildFile; fileRef = 2252204821043C0E00221D29 /* Apod.swift */; };
		22CE291E23447BCF00170FEE /* APIClient.swift in Sources */ = {isa = PBXBuildFile; fileRef = 22FA5F08229B4EC000E27EC4 /* APIClient.swift */; };
		22CE292023447BD900170FEE /* Endpoint.swift in Sources */ = {isa = PBXBuildFile; fileRef = 22AA95AF21055E47001B755F /* Endpoint.swift */; };
		22D47127211C0E5A0006EAD6 /* DiscoverDataSource.swift in Sources */ = {isa = PBXBuildFile; fileRef = 22D47126211C0E5A0006EAD6 /* DiscoverDataSource.swift */; };
		22DABE4221BC617F004D6EBF /* TabBarViewController.swift in Sources */ = {isa = PBXBuildFile; fileRef = 22DABE4121BC617F004D6EBF /* TabBarViewController.swift */; };
		22E315C323726CC7008EDF34 /* DateFormatter+Extensions.swift in Sources */ = {isa = PBXBuildFile; fileRef = 22E315C223726CC7008EDF34 /* DateFormatter+Extensions.swift */; };
		22E315C923726D40008EDF34 /* NSMutableAttributedString+Extensions.swift in Sources */ = {isa = PBXBuildFile; fileRef = 22E315C823726D40008EDF34 /* NSMutableAttributedString+Extensions.swift */; };
		22E315CB23726D5F008EDF34 /* UITableViewCell+Extensions.swift in Sources */ = {isa = PBXBuildFile; fileRef = 22E315CA23726D5F008EDF34 /* UITableViewCell+Extensions.swift */; };
		22E315CD23726D71008EDF34 /* UIFont+Extensions.swift in Sources */ = {isa = PBXBuildFile; fileRef = 22E315CC23726D71008EDF34 /* UIFont+Extensions.swift */; };
		22E315CF23726F84008EDF34 /* UIView+Extensions.swift in Sources */ = {isa = PBXBuildFile; fileRef = 22E315CE23726F84008EDF34 /* UIView+Extensions.swift */; };
		22E315D12372777F008EDF34 /* UICollectionViewCell+Extensions.swift in Sources */ = {isa = PBXBuildFile; fileRef = 22E315D02372777F008EDF34 /* UICollectionViewCell+Extensions.swift */; };
		22F711B722A8EC5200F71646 /* Pods_Cosmos.framework in Frameworks */ = {isa = PBXBuildFile; fileRef = 523698EF916740C4BFD9F99D /* Pods_Cosmos.framework */; };
		22FA5F09229B4EC000E27EC4 /* APIClient.swift in Sources */ = {isa = PBXBuildFile; fileRef = 22FA5F08229B4EC000E27EC4 /* APIClient.swift */; };
/* End PBXBuildFile section */

/* Begin PBXContainerItemProxy section */
		22CE291023446BF400170FEE /* PBXContainerItemProxy */ = {
			isa = PBXContainerItemProxy;
			containerPortal = 225220282104391100221D29 /* Project object */;
			proxyType = 1;
			remoteGlobalIDString = 2252202F2104391100221D29;
			remoteInfo = Cosmos;
		};
/* End PBXContainerItemProxy section */

/* Begin PBXFileReference section */
		2200E52D23960F3500897286 /* Localizable.swift */ = {isa = PBXFileReference; lastKnownFileType = sourcecode.swift; path = Localizable.swift; sourceTree = "<group>"; };
		2200E53223961C6200897286 /* en */ = {isa = PBXFileReference; lastKnownFileType = text.plist.xml; name = en; path = en.lproj/AboutViewStrings.plist; sourceTree = "<group>"; };
		2200E53E2396220100897286 /* en */ = {isa = PBXFileReference; lastKnownFileType = text.plist.xml; name = en; path = en.lproj/DetailViewStrings.plist; sourceTree = "<group>"; };
		2200E5422396220800897286 /* en */ = {isa = PBXFileReference; lastKnownFileType = text.plist.xml; name = en; path = en.lproj/DiscoverViewStrings.plist; sourceTree = "<group>"; };
		2200E5462396221000897286 /* en */ = {isa = PBXFileReference; lastKnownFileType = text.plist.xml; name = en; path = en.lproj/FavoritesViewStrings.plist; sourceTree = "<group>"; };
		2202F50C211ECE4700DEFDE1 /* DetailViewController.swift */ = {isa = PBXFileReference; lastKnownFileType = sourcecode.swift; path = DetailViewController.swift; sourceTree = "<group>"; };
		2203F0B92411C68C00D01C99 /* MessageView.xib */ = {isa = PBXFileReference; lastKnownFileType = file.xib; path = MessageView.xib; sourceTree = "<group>"; };
		2203F0BB2411C75E00D01C99 /* MessageView.swift */ = {isa = PBXFileReference; lastKnownFileType = sourcecode.swift; path = MessageView.swift; sourceTree = "<group>"; };
		2207E601236278BD009F9CD5 /* FavoritesManager.swift */ = {isa = PBXFileReference; lastKnownFileType = sourcecode.swift; path = FavoritesManager.swift; sourceTree = "<group>"; };
		220B1F23234D7EBB008BAAF6 /* AccessibilityIdentifiers.swift */ = {isa = PBXFileReference; lastKnownFileType = sourcecode.swift; path = AccessibilityIdentifiers.swift; sourceTree = "<group>"; };
		220EE6FE23924080006B16EB /* UserDefaultsBacked.swift */ = {isa = PBXFileReference; lastKnownFileType = sourcecode.swift; path = UserDefaultsBacked.swift; sourceTree = "<group>"; };
		222120D523601163009D24AB /* FavoritesViewController.swift */ = {isa = PBXFileReference; lastKnownFileType = sourcecode.swift; path = FavoritesViewController.swift; sourceTree = "<group>"; };
		222120D7236013DB009D24AB /* FavoritesCell.swift */ = {isa = PBXFileReference; lastKnownFileType = sourcecode.swift; path = FavoritesCell.swift; sourceTree = "<group>"; };
		22288FCE231CB60100EE082E /* AboutViewController.swift */ = {isa = PBXFileReference; lastKnownFileType = sourcecode.swift; path = AboutViewController.swift; sourceTree = "<group>"; };
		222DDF6422D2869E00BE3645 /* ranged_response_success.json */ = {isa = PBXFileReference; fileEncoding = 4; lastKnownFileType = text.json; path = ranged_response_success.json; sourceTree = "<group>"; };
		223A2BF1233B0FFA00005DFA /* EnvironmentManager.swift */ = {isa = PBXFileReference; lastKnownFileType = sourcecode.swift; path = EnvironmentManager.swift; sourceTree = "<group>"; };
		2244523A212D08A100889244 /* Assets.xcassets */ = {isa = PBXFileReference; lastKnownFileType = folder.assetcatalog; path = Assets.xcassets; sourceTree = "<group>"; };
		225220302104391100221D29 /* Cosmos.app */ = {isa = PBXFileReference; explicitFileType = wrapper.application; includeInIndex = 0; path = Cosmos.app; sourceTree = BUILT_PRODUCTS_DIR; };
		225220332104391100221D29 /* AppDelegate.swift */ = {isa = PBXFileReference; lastKnownFileType = sourcecode.swift; path = AppDelegate.swift; sourceTree = "<group>"; };
		225220352104391100221D29 /* DiscoverViewController.swift */ = {isa = PBXFileReference; lastKnownFileType = sourcecode.swift; path = DiscoverViewController.swift; sourceTree = "<group>"; };
		225220382104391100221D29 /* Base */ = {isa = PBXFileReference; lastKnownFileType = file.storyboard; name = Base; path = Base.lproj/Main.storyboard; sourceTree = "<group>"; };
		225220402104391200221D29 /* Base */ = {isa = PBXFileReference; lastKnownFileType = file.storyboard; name = Base; path = Base.lproj/LaunchScreen.storyboard; sourceTree = "<group>"; };
		225220422104391200221D29 /* Info.plist */ = {isa = PBXFileReference; lastKnownFileType = text.plist.xml; path = Info.plist; sourceTree = "<group>"; };
		2252204821043C0E00221D29 /* Apod.swift */ = {isa = PBXFileReference; lastKnownFileType = sourcecode.swift; path = Apod.swift; sourceTree = "<group>"; };
		226E25B623245E9800908A39 /* OrderedSet.swift */ = {isa = PBXFileReference; lastKnownFileType = sourcecode.swift; path = OrderedSet.swift; sourceTree = "<group>"; };
		227846B42346CDCE009F01B8 /* single_response_success.json */ = {isa = PBXFileReference; lastKnownFileType = text.json; path = single_response_success.json; sourceTree = "<group>"; };
		2281F28D238791EB001D52D3 /* Optional+Extensions.swift */ = {isa = PBXFileReference; lastKnownFileType = sourcecode.swift; path = "Optional+Extensions.swift"; sourceTree = "<group>"; };
		2281F29223879701001D52D3 /* ShareManager.swift */ = {isa = PBXFileReference; lastKnownFileType = sourcecode.swift; path = ShareManager.swift; sourceTree = "<group>"; };
		2281F2962387C22C001D52D3 /* Date+Extensions.swift */ = {isa = PBXFileReference; lastKnownFileType = sourcecode.swift; path = "Date+Extensions.swift"; sourceTree = "<group>"; };
		2281F29A2387CA0A001D52D3 /* LightboxController+Extensions.swift */ = {isa = PBXFileReference; lastKnownFileType = sourcecode.swift; path = "LightboxController+Extensions.swift"; sourceTree = "<group>"; };
		22AA2655241F00C200761B4D /* ApodViewModelTests.swift */ = {isa = PBXFileReference; lastKnownFileType = sourcecode.swift; path = ApodViewModelTests.swift; sourceTree = "<group>"; };
		22AA265E241F06CC00761B4D /* Apod+Dummy.swift */ = {isa = PBXFileReference; lastKnownFileType = sourcecode.swift; path = "Apod+Dummy.swift"; sourceTree = "<group>"; };
		22AA2668241F095300761B4D /* en */ = {isa = PBXFileReference; lastKnownFileType = text.plist.xml; name = en; path = en.lproj/MessageViewStrings.plist; sourceTree = "<group>"; };
		22AA266C241F095A00761B4D /* en */ = {isa = PBXFileReference; lastKnownFileType = text.plist.xml; name = en; path = en.lproj/ShareStrings.plist; sourceTree = "<group>"; };
		22AA95AF21055E47001B755F /* Endpoint.swift */ = {isa = PBXFileReference; lastKnownFileType = sourcecode.swift; path = Endpoint.swift; sourceTree = "<group>"; };
		22AD236223D51A5100AF5992 /* HTTPURLResponse+Dummy.swift */ = {isa = PBXFileReference; lastKnownFileType = sourcecode.swift; path = "HTTPURLResponse+Dummy.swift"; sourceTree = "<group>"; };
		22AD236423D52E2400AF5992 /* APIErrorTests.swift */ = {isa = PBXFileReference; lastKnownFileType = sourcecode.swift; path = APIErrorTests.swift; sourceTree = "<group>"; };
		22B381102104583800DCDC24 /* DiscoverCell.swift */ = {isa = PBXFileReference; lastKnownFileType = sourcecode.swift; path = DiscoverCell.swift; sourceTree = "<group>"; };
		22B43D5F234169F900DD2A30 /* DynamicFonts.plist */ = {isa = PBXFileReference; fileEncoding = 4; lastKnownFileType = text.plist.xml; path = DynamicFonts.plist; sourceTree = "<group>"; };
		22B43D6123416B2800DD2A30 /* DynamicFont.swift */ = {isa = PBXFileReference; fileEncoding = 4; lastKnownFileType = sourcecode.swift; path = DynamicFont.swift; sourceTree = "<group>"; };
		22BC0A0C21056A580086BB19 /* CosmosClient.swift */ = {isa = PBXFileReference; lastKnownFileType = sourcecode.swift; path = CosmosClient.swift; sourceTree = "<group>"; };
		22C5485723568A7A002A52B4 /* ApodViewModel.swift */ = {isa = PBXFileReference; lastKnownFileType = sourcecode.swift; path = ApodViewModel.swift; sourceTree = "<group>"; };
		22C5485C2356E824002A52B4 /* EnvironmentManagerTest.swift */ = {isa = PBXFileReference; lastKnownFileType = sourcecode.swift; path = EnvironmentManagerTest.swift; sourceTree = "<group>"; };
		22C834182349630200B876A6 /* OrderedSetTests.swift */ = {isa = PBXFileReference; lastKnownFileType = sourcecode.swift; path = OrderedSetTests.swift; sourceTree = "<group>"; };
		22CE290B23446BF400170FEE /* CosmosTests.xctest */ = {isa = PBXFileReference; explicitFileType = wrapper.cfbundle; includeInIndex = 0; path = CosmosTests.xctest; sourceTree = BUILT_PRODUCTS_DIR; };
		22CE290F23446BF400170FEE /* Info.plist */ = {isa = PBXFileReference; lastKnownFileType = text.plist.xml; path = Info.plist; sourceTree = "<group>"; };
		22CE29162344700D00170FEE /* MockSession.swift */ = {isa = PBXFileReference; lastKnownFileType = sourcecode.swift; path = MockSession.swift; sourceTree = "<group>"; };
		22CE2918234479BC00170FEE /* CosmosClientTests.swift */ = {isa = PBXFileReference; lastKnownFileType = sourcecode.swift; path = CosmosClientTests.swift; sourceTree = "<group>"; };
		22D47126211C0E5A0006EAD6 /* DiscoverDataSource.swift */ = {isa = PBXFileReference; lastKnownFileType = sourcecode.swift; path = DiscoverDataSource.swift; sourceTree = "<group>"; };
		22DABE4121BC617F004D6EBF /* TabBarViewController.swift */ = {isa = PBXFileReference; lastKnownFileType = sourcecode.swift; path = TabBarViewController.swift; sourceTree = "<group>"; };
		22E315C223726CC7008EDF34 /* DateFormatter+Extensions.swift */ = {isa = PBXFileReference; lastKnownFileType = sourcecode.swift; path = "DateFormatter+Extensions.swift"; sourceTree = "<group>"; };
		22E315C823726D40008EDF34 /* NSMutableAttributedString+Extensions.swift */ = {isa = PBXFileReference; lastKnownFileType = sourcecode.swift; path = "NSMutableAttributedString+Extensions.swift"; sourceTree = "<group>"; };
		22E315CA23726D5F008EDF34 /* UITableViewCell+Extensions.swift */ = {isa = PBXFileReference; lastKnownFileType = sourcecode.swift; path = "UITableViewCell+Extensions.swift"; sourceTree = "<group>"; };
		22E315CC23726D71008EDF34 /* UIFont+Extensions.swift */ = {isa = PBXFileReference; lastKnownFileType = sourcecode.swift; path = "UIFont+Extensions.swift"; sourceTree = "<group>"; };
		22E315CE23726F84008EDF34 /* UIView+Extensions.swift */ = {isa = PBXFileReference; lastKnownFileType = sourcecode.swift; path = "UIView+Extensions.swift"; sourceTree = "<group>"; };
		22E315D02372777F008EDF34 /* UICollectionViewCell+Extensions.swift */ = {isa = PBXFileReference; lastKnownFileType = sourcecode.swift; path = "UICollectionViewCell+Extensions.swift"; sourceTree = "<group>"; };
		22FA5F08229B4EC000E27EC4 /* APIClient.swift */ = {isa = PBXFileReference; fileEncoding = 4; lastKnownFileType = sourcecode.swift; path = APIClient.swift; sourceTree = "<group>"; };
		523698EF916740C4BFD9F99D /* Pods_Cosmos.framework */ = {isa = PBXFileReference; explicitFileType = wrapper.framework; includeInIndex = 0; path = Pods_Cosmos.framework; sourceTree = BUILT_PRODUCTS_DIR; };
		AD9248921FA49AA81E6ADEF2 /* Pods-Cosmos.release.xcconfig */ = {isa = PBXFileReference; includeInIndex = 1; lastKnownFileType = text.xcconfig; name = "Pods-Cosmos.release.xcconfig"; path = "Pods/Target Support Files/Pods-Cosmos/Pods-Cosmos.release.xcconfig"; sourceTree = "<group>"; };
		FCFF46674AFAF12E4B9F385E /* Pods-Cosmos.debug.xcconfig */ = {isa = PBXFileReference; includeInIndex = 1; lastKnownFileType = text.xcconfig; name = "Pods-Cosmos.debug.xcconfig"; path = "Pods/Target Support Files/Pods-Cosmos/Pods-Cosmos.debug.xcconfig"; sourceTree = "<group>"; };
/* End PBXFileReference section */

/* Begin PBXFrameworksBuildPhase section */
		2252202D2104391100221D29 /* Frameworks */ = {
			isa = PBXFrameworksBuildPhase;
			buildActionMask = 2147483647;
			files = (
				22F711B722A8EC5200F71646 /* Pods_Cosmos.framework in Frameworks */,
			);
			runOnlyForDeploymentPostprocessing = 0;
		};
		22CE290823446BF400170FEE /* Frameworks */ = {
			isa = PBXFrameworksBuildPhase;
			buildActionMask = 2147483647;
			files = (
			);
			runOnlyForDeploymentPostprocessing = 0;
		};
/* End PBXFrameworksBuildPhase section */

/* Begin PBXGroup section */
		09DE3B89D5716714C8F01DEF /* Pods */ = {
			isa = PBXGroup;
			children = (
				FCFF46674AFAF12E4B9F385E /* Pods-Cosmos.debug.xcconfig */,
				AD9248921FA49AA81E6ADEF2 /* Pods-Cosmos.release.xcconfig */,
			);
			name = Pods;
			sourceTree = "<group>";
		};
		100FFF18CA2661C69B3600C3 /* Frameworks */ = {
			isa = PBXGroup;
			children = (
				523698EF916740C4BFD9F99D /* Pods_Cosmos.framework */,
			);
			name = Frameworks;
			sourceTree = "<group>";
		};
		2200E51523960C1B00897286 /* Strings */ = {
			isa = PBXGroup;
			children = (
				2200E53323961C6200897286 /* AboutViewStrings.plist */,
				2200E53D239621FE00897286 /* DetailViewStrings.plist */,
				2200E5412396220500897286 /* DiscoverViewStrings.plist */,
				2200E5452396220D00897286 /* FavoritesViewStrings.plist */,
				22AA2669241F095300761B4D /* MessageViewStrings.plist */,
				22AA266D241F095A00761B4D /* ShareStrings.plist */,
			);
			path = Strings;
			sourceTree = "<group>";
		};
		2200E52C23960EFD00897286 /* Localization */ = {
			isa = PBXGroup;
			children = (
				2200E51523960C1B00897286 /* Strings */,
				2200E52D23960F3500897286 /* Localizable.swift */,
			);
			path = Localization;
			sourceTree = "<group>";
		};
		2200E54C23963F7400897286 /* Dynamic Typing */ = {
			isa = PBXGroup;
			children = (
				22B43D6123416B2800DD2A30 /* DynamicFont.swift */,
				22B43D5F234169F900DD2A30 /* DynamicFonts.plist */,
			);
			path = "Dynamic Typing";
			sourceTree = "<group>";
		};
		2203F0B82411C62400D01C99 /* Cells */ = {
			isa = PBXGroup;
			children = (
				22B381102104583800DCDC24 /* DiscoverCell.swift */,
				222120D7236013DB009D24AB /* FavoritesCell.swift */,
			);
			path = Cells;
			sourceTree = "<group>";
		};
		220B1F22234D7E90008BAAF6 /* Accessibility */ = {
			isa = PBXGroup;
			children = (
				220B1F23234D7EBB008BAAF6 /* AccessibilityIdentifiers.swift */,
			);
			path = Accessibility;
			sourceTree = "<group>";
		};
		220EE6FD23924064006B16EB /* Property Wrappers */ = {
			isa = PBXGroup;
			children = (
				220EE6FE23924080006B16EB /* UserDefaultsBacked.swift */,
			);
			path = "Property Wrappers";
			sourceTree = "<group>";
		};
		221AC07521059C60006006B7 /* Controllers */ = {
			isa = PBXGroup;
			children = (
				22288FCE231CB60100EE082E /* AboutViewController.swift */,
				2202F50C211ECE4700DEFDE1 /* DetailViewController.swift */,
				225220352104391100221D29 /* DiscoverViewController.swift */,
				222120D523601163009D24AB /* FavoritesViewController.swift */,
				22DABE4121BC617F004D6EBF /* TabBarViewController.swift */,
			);
			path = Controllers;
			sourceTree = "<group>";
		};
		221AC07621059C7C006006B7 /* Storyboards */ = {
			isa = PBXGroup;
			children = (
				2252203F2104391200221D29 /* LaunchScreen.storyboard */,
				225220372104391100221D29 /* Main.storyboard */,
			);
			path = Storyboards;
			sourceTree = "<group>";
		};
		222DDF6322D2863900BE3645 /* Responses */ = {
			isa = PBXGroup;
			children = (
				222DDF6422D2869E00BE3645 /* ranged_response_success.json */,
				227846B42346CDCE009F01B8 /* single_response_success.json */,
			);
			path = Responses;
			sourceTree = "<group>";
		};
		225220272104391100221D29 = {
			isa = PBXGroup;
			children = (
				225220322104391100221D29 /* Cosmos */,
				22CE290C23446BF400170FEE /* CosmosTests */,
				225220312104391100221D29 /* Products */,
				09DE3B89D5716714C8F01DEF /* Pods */,
				100FFF18CA2661C69B3600C3 /* Frameworks */,
			);
			sourceTree = "<group>";
		};
		225220312104391100221D29 /* Products */ = {
			isa = PBXGroup;
			children = (
				225220302104391100221D29 /* Cosmos.app */,
				22CE290B23446BF400170FEE /* CosmosTests.xctest */,
			);
			name = Products;
			sourceTree = "<group>";
		};
		225220322104391100221D29 /* Cosmos */ = {
			isa = PBXGroup;
			children = (
				220B1F22234D7E90008BAAF6 /* Accessibility */,
				221AC07521059C60006006B7 /* Controllers */,
				22A7D3E62117F7690011B097 /* Data Sources */,
				2200E54C23963F7400897286 /* Dynamic Typing */,
				225810A2213674E900ECBCC3 /* Extensions */,
				2200E52C23960EFD00897286 /* Localization */,
				225A539123D5751C00677896 /* Managers */,
				22AA95AE21055DE7001B755F /* Models */,
				22AA95AD21055DD9001B755F /* Networking */,
				220EE6FD23924064006B16EB /* Property Wrappers */,
				221AC07621059C7C006006B7 /* Storyboards */,
				22C548592356E4D3002A52B4 /* View Models */,
				22AA95AC2105579E001B755F /* Views */,
				225220332104391100221D29 /* AppDelegate.swift */,
				2244523A212D08A100889244 /* Assets.xcassets */,
				225220422104391200221D29 /* Info.plist */,
			);
			path = Cosmos;
			sourceTree = "<group>";
		};
		225810A2213674E900ECBCC3 /* Extensions */ = {
			isa = PBXGroup;
			children = (
				2281F2962387C22C001D52D3 /* Date+Extensions.swift */,
				22E315C223726CC7008EDF34 /* DateFormatter+Extensions.swift */,
				2281F29A2387CA0A001D52D3 /* LightboxController+Extensions.swift */,
				22E315C823726D40008EDF34 /* NSMutableAttributedString+Extensions.swift */,
				2281F28D238791EB001D52D3 /* Optional+Extensions.swift */,
				22E315D02372777F008EDF34 /* UICollectionViewCell+Extensions.swift */,
				22E315CC23726D71008EDF34 /* UIFont+Extensions.swift */,
				22E315CA23726D5F008EDF34 /* UITableViewCell+Extensions.swift */,
				22E315CE23726F84008EDF34 /* UIView+Extensions.swift */,
			);
			path = Extensions;
			sourceTree = "<group>";
		};
		225A539123D5751C00677896 /* Managers */ = {
			isa = PBXGroup;
			children = (
				223A2BF1233B0FFA00005DFA /* EnvironmentManager.swift */,
				2207E601236278BD009F9CD5 /* FavoritesManager.swift */,
				2281F29223879701001D52D3 /* ShareManager.swift */,
			);
			path = Managers;
			sourceTree = "<group>";
		};
		22A7D3E62117F7690011B097 /* Data Sources */ = {
			isa = PBXGroup;
			children = (
				22D47126211C0E5A0006EAD6 /* DiscoverDataSource.swift */,
			);
			path = "Data Sources";
			sourceTree = "<group>";
		};
		22AA2654241F009600761B4D /* View Model */ = {
			isa = PBXGroup;
			children = (
				22AA2659241F037400761B4D /* Helpers */,
				22AA2655241F00C200761B4D /* ApodViewModelTests.swift */,
			);
			path = "View Model";
			sourceTree = "<group>";
		};
		22AA2657241F012200761B4D /* Managers */ = {
			isa = PBXGroup;
			children = (
				22C5485C2356E824002A52B4 /* EnvironmentManagerTest.swift */,
			);
			path = Managers;
			sourceTree = "<group>";
		};
		22AA2659241F037400761B4D /* Helpers */ = {
			isa = PBXGroup;
			children = (
				22AA265E241F06CC00761B4D /* Apod+Dummy.swift */,
			);
			path = Helpers;
			sourceTree = "<group>";
		};
		22AA95AC2105579E001B755F /* Views */ = {
			isa = PBXGroup;
			children = (
				2203F0B82411C62400D01C99 /* Cells */,
				2203F0BB2411C75E00D01C99 /* MessageView.swift */,
				2203F0B92411C68C00D01C99 /* MessageView.xib */,
			);
			path = Views;
			sourceTree = "<group>";
		};
		22AA95AD21055DD9001B755F /* Networking */ = {
			isa = PBXGroup;
			children = (
				22FA5F08229B4EC000E27EC4 /* APIClient.swift */,
				22BC0A0C21056A580086BB19 /* CosmosClient.swift */,
				22AA95AF21055E47001B755F /* Endpoint.swift */,
			);
			path = Networking;
			sourceTree = "<group>";
		};
		22AA95AE21055DE7001B755F /* Models */ = {
			isa = PBXGroup;
			children = (
				2252204821043C0E00221D29 /* Apod.swift */,
				226E25B623245E9800908A39 /* OrderedSet.swift */,
			);
			path = Models;
			sourceTree = "<group>";
		};
		22AD236123D51A4000AF5992 /* Helpers */ = {
			isa = PBXGroup;
			children = (
				22AD236223D51A5100AF5992 /* HTTPURLResponse+Dummy.swift */,
			);
			path = Helpers;
			sourceTree = "<group>";
		};
		22C548592356E4D3002A52B4 /* View Models */ = {
			isa = PBXGroup;
			children = (
				22C5485723568A7A002A52B4 /* ApodViewModel.swift */,
			);
			path = "View Models";
			sourceTree = "<group>";
		};
		22C83417234962EB00B876A6 /* Models */ = {
			isa = PBXGroup;
			children = (
				22C834182349630200B876A6 /* OrderedSetTests.swift */,
			);
			path = Models;
			sourceTree = "<group>";
		};
		22C8341B23496F8F00B876A6 /* Mocks */ = {
			isa = PBXGroup;
			children = (
				22CE29162344700D00170FEE /* MockSession.swift */,
			);
			path = Mocks;
			sourceTree = "<group>";
		};
		22CE290C23446BF400170FEE /* CosmosTests */ = {
			isa = PBXGroup;
			children = (
				22CE290F23446BF400170FEE /* Info.plist */,
				22AA2657241F012200761B4D /* Managers */,
				22C83417234962EB00B876A6 /* Models */,
				22CE291523446EEC00170FEE /* Networking */,
				22AA2654241F009600761B4D /* View Model */,
			);
			path = CosmosTests;
			sourceTree = "<group>";
		};
		22CE291523446EEC00170FEE /* Networking */ = {
			isa = PBXGroup;
			children = (
				22AD236123D51A4000AF5992 /* Helpers */,
				22C8341B23496F8F00B876A6 /* Mocks */,
				222DDF6322D2863900BE3645 /* Responses */,
				22CE2918234479BC00170FEE /* CosmosClientTests.swift */,
				22AD236423D52E2400AF5992 /* APIErrorTests.swift */,
			);
			path = Networking;
			sourceTree = "<group>";
		};
/* End PBXGroup section */

/* Begin PBXNativeTarget section */
		2252202F2104391100221D29 /* Cosmos */ = {
			isa = PBXNativeTarget;
			buildConfigurationList = 225220452104391200221D29 /* Build configuration list for PBXNativeTarget "Cosmos" */;
			buildPhases = (
				823ED39ECC2F9737B111F087 /* [CP] Check Pods Manifest.lock */,
				2205F34922C995F600EB80B8 /* ShellScript */,
				2252202C2104391100221D29 /* Sources */,
				2252202D2104391100221D29 /* Frameworks */,
				2252202E2104391100221D29 /* Resources */,
				FFF884932721530032AADD5F /* [CP] Embed Pods Frameworks */,
			);
			buildRules = (
			);
			dependencies = (
			);
			name = Cosmos;
			productName = Cosmos;
			productReference = 225220302104391100221D29 /* Cosmos.app */;
			productType = "com.apple.product-type.application";
		};
		22CE290A23446BF400170FEE /* CosmosTests */ = {
			isa = PBXNativeTarget;
			buildConfigurationList = 22CE291423446BF400170FEE /* Build configuration list for PBXNativeTarget "CosmosTests" */;
			buildPhases = (
				22CE290723446BF400170FEE /* Sources */,
				22CE290823446BF400170FEE /* Frameworks */,
				22CE290923446BF400170FEE /* Resources */,
			);
			buildRules = (
			);
			dependencies = (
				22CE291123446BF400170FEE /* PBXTargetDependency */,
			);
			name = CosmosTests;
			productName = CosmosTests;
			productReference = 22CE290B23446BF400170FEE /* CosmosTests.xctest */;
			productType = "com.apple.product-type.bundle.unit-test";
		};
/* End PBXNativeTarget section */

/* Begin PBXProject section */
		225220282104391100221D29 /* Project object */ = {
			isa = PBXProject;
			attributes = {
				LastSwiftUpdateCheck = 1100;
				LastUpgradeCheck = 0940;
				ORGANIZATIONNAME = "Samuel Yanez";
				TargetAttributes = {
					2252202F2104391100221D29 = {
						CreatedOnToolsVersion = 9.4.1;
						LastSwiftMigration = 1020;
					};
					22CE290A23446BF400170FEE = {
						CreatedOnToolsVersion = 11.0;
						TestTargetID = 2252202F2104391100221D29;
					};
				};
			};
			buildConfigurationList = 2252202B2104391100221D29 /* Build configuration list for PBXProject "Cosmos" */;
			compatibilityVersion = "Xcode 9.3";
			developmentRegion = en;
			hasScannedForEncodings = 0;
			knownRegions = (
				en,
				Base,
			);
			mainGroup = 225220272104391100221D29;
			productRefGroup = 225220312104391100221D29 /* Products */;
			projectDirPath = "";
			projectRoot = "";
			targets = (
				2252202F2104391100221D29 /* Cosmos */,
				22CE290A23446BF400170FEE /* CosmosTests */,
			);
		};
/* End PBXProject section */

/* Begin PBXResourcesBuildPhase section */
		2252202E2104391100221D29 /* Resources */ = {
			isa = PBXResourcesBuildPhase;
			buildActionMask = 2147483647;
			files = (
				2200E53123961C6200897286 /* AboutViewStrings.plist in Resources */,
				225220412104391200221D29 /* LaunchScreen.storyboard in Resources */,
				2203F0BA2411C68C00D01C99 /* MessageView.xib in Resources */,
				2200E53F2396220500897286 /* DiscoverViewStrings.plist in Resources */,
				22AA2666241F095300761B4D /* MessageViewStrings.plist in Resources */,
				22AA266A241F095A00761B4D /* ShareStrings.plist in Resources */,
				225220392104391100221D29 /* Main.storyboard in Resources */,
				22B43D60234169F900DD2A30 /* DynamicFonts.plist in Resources */,
				2200E5432396220D00897286 /* FavoritesViewStrings.plist in Resources */,
				2200E53B239621FE00897286 /* DetailViewStrings.plist in Resources */,
				2244523B212D08A100889244 /* Assets.xcassets in Resources */,
			);
			runOnlyForDeploymentPostprocessing = 0;
		};
		22CE290923446BF400170FEE /* Resources */ = {
			isa = PBXResourcesBuildPhase;
			buildActionMask = 2147483647;
			files = (
				22AA265D241F04FC00761B4D /* DynamicFonts.plist in Resources */,
				22AA2664241F094100761B4D /* DetailViewStrings.plist in Resources */,
				22AA2667241F095300761B4D /* MessageViewStrings.plist in Resources */,
				22AA2663241F093F00761B4D /* DiscoverViewStrings.plist in Resources */,
				22AA2665241F094300761B4D /* AboutViewStrings.plist in Resources */,
				22AA2662241F093D00761B4D /* FavoritesViewStrings.plist in Resources */,
				22AA266B241F095A00761B4D /* ShareStrings.plist in Resources */,
				227846B62346CDCE009F01B8 /* single_response_success.json in Resources */,
				22C8341D2349707600B876A6 /* ranged_response_success.json in Resources */,
			);
			runOnlyForDeploymentPostprocessing = 0;
		};
/* End PBXResourcesBuildPhase section */

/* Begin PBXShellScriptBuildPhase section */
		2205F34922C995F600EB80B8 /* ShellScript */ = {
			isa = PBXShellScriptBuildPhase;
			buildActionMask = 2147483647;
			files = (
			);
			inputFileListPaths = (
			);
			inputPaths = (
			);
			outputFileListPaths = (
			);
			outputPaths = (
			);
			runOnlyForDeploymentPostprocessing = 0;
			shellPath = /bin/sh;
			shellScript = "\"${PODS_ROOT}/SwiftLint/swiftlint\"\n";
		};
		823ED39ECC2F9737B111F087 /* [CP] Check Pods Manifest.lock */ = {
			isa = PBXShellScriptBuildPhase;
			buildActionMask = 2147483647;
			files = (
			);
			inputPaths = (
				"${PODS_PODFILE_DIR_PATH}/Podfile.lock",
				"${PODS_ROOT}/Manifest.lock",
			);
			name = "[CP] Check Pods Manifest.lock";
			outputPaths = (
				"$(DERIVED_FILE_DIR)/Pods-Cosmos-checkManifestLockResult.txt",
			);
			runOnlyForDeploymentPostprocessing = 0;
			shellPath = /bin/sh;
			shellScript = "diff \"${PODS_PODFILE_DIR_PATH}/Podfile.lock\" \"${PODS_ROOT}/Manifest.lock\" > /dev/null\nif [ $? != 0 ] ; then\n    # print error to STDERR\n    echo \"error: The sandbox is not in sync with the Podfile.lock. Run 'pod install' or update your CocoaPods installation.\" >&2\n    exit 1\nfi\n# This output is used by Xcode 'outputs' to avoid re-running this script phase.\necho \"SUCCESS\" > \"${SCRIPT_OUTPUT_FILE_0}\"\n";
			showEnvVarsInLog = 0;
		};
		FFF884932721530032AADD5F /* [CP] Embed Pods Frameworks */ = {
			isa = PBXShellScriptBuildPhase;
			buildActionMask = 2147483647;
			files = (
			);
			inputFileListPaths = (
				"${PODS_ROOT}/Target Support Files/Pods-Cosmos/Pods-Cosmos-frameworks-${CONFIGURATION}-input-files.xcfilelist",
			);
			name = "[CP] Embed Pods Frameworks";
			outputFileListPaths = (
				"${PODS_ROOT}/Target Support Files/Pods-Cosmos/Pods-Cosmos-frameworks-${CONFIGURATION}-output-files.xcfilelist",
			);
			runOnlyForDeploymentPostprocessing = 0;
			shellPath = /bin/sh;
			shellScript = "\"${PODS_ROOT}/Target Support Files/Pods-Cosmos/Pods-Cosmos-frameworks.sh\"\n";
			showEnvVarsInLog = 0;
		};
/* End PBXShellScriptBuildPhase section */

/* Begin PBXSourcesBuildPhase section */
		2252202C2104391100221D29 /* Sources */ = {
			isa = PBXSourcesBuildPhase;
			buildActionMask = 2147483647;
			files = (
				22C5485823568A7A002A52B4 /* ApodViewModel.swift in Sources */,
				22E315D12372777F008EDF34 /* UICollectionViewCell+Extensions.swift in Sources */,
				22E315CD23726D71008EDF34 /* UIFont+Extensions.swift in Sources */,
				226E25B723245E9800908A39 /* OrderedSet.swift in Sources */,
				22B43D6223416B2800DD2A30 /* DynamicFont.swift in Sources */,
				2202F50D211ECE4700DEFDE1 /* DetailViewController.swift in Sources */,
				2203F0BC2411C75E00D01C99 /* MessageView.swift in Sources */,
				220EE6FF23924080006B16EB /* UserDefaultsBacked.swift in Sources */,
				22E315CF23726F84008EDF34 /* UIView+Extensions.swift in Sources */,
				223A2BF2233B0FFA00005DFA /* EnvironmentManager.swift in Sources */,
				22FA5F09229B4EC000E27EC4 /* APIClient.swift in Sources */,
				2281F29B2387CA0A001D52D3 /* LightboxController+Extensions.swift in Sources */,
				225220362104391100221D29 /* DiscoverViewController.swift in Sources */,
				22E315CB23726D5F008EDF34 /* UITableViewCell+Extensions.swift in Sources */,
				2207E602236278BD009F9CD5 /* FavoritesManager.swift in Sources */,
				22AA95B021055E47001B755F /* Endpoint.swift in Sources */,
				22BC0A0D21056A580086BB19 /* CosmosClient.swift in Sources */,
				220B1F24234D7EBB008BAAF6 /* AccessibilityIdentifiers.swift in Sources */,
				2281F28E238791EB001D52D3 /* Optional+Extensions.swift in Sources */,
				2252204921043C0E00221D29 /* Apod.swift in Sources */,
				22E315C323726CC7008EDF34 /* DateFormatter+Extensions.swift in Sources */,
				2281F2972387C22C001D52D3 /* Date+Extensions.swift in Sources */,
				22B381122104583800DCDC24 /* DiscoverCell.swift in Sources */,
				222120D8236013DB009D24AB /* FavoritesCell.swift in Sources */,
				22D47127211C0E5A0006EAD6 /* DiscoverDataSource.swift in Sources */,
				22E315C923726D40008EDF34 /* NSMutableAttributedString+Extensions.swift in Sources */,
				2200E52E23960F3500897286 /* Localizable.swift in Sources */,
				225220342104391100221D29 /* AppDelegate.swift in Sources */,
				222120D623601163009D24AB /* FavoritesViewController.swift in Sources */,
				22288FCF231CB60100EE082E /* AboutViewController.swift in Sources */,
				22DABE4221BC617F004D6EBF /* TabBarViewController.swift in Sources */,
				2281F29323879701001D52D3 /* ShareManager.swift in Sources */,
			);
			runOnlyForDeploymentPostprocessing = 0;
		};
		22CE290723446BF400170FEE /* Sources */ = {
			isa = PBXSourcesBuildPhase;
			buildActionMask = 2147483647;
			files = (
				22AD236523D52E2400AF5992 /* APIErrorTests.swift in Sources */,
				2281F2812387724F001D52D3 /* UIView+Extensions.swift in Sources */,
				2281F2982387C22C001D52D3 /* Date+Extensions.swift in Sources */,
				2207E603236278BD009F9CD5 /* FavoritesManager.swift in Sources */,
				22CE292023447BD900170FEE /* Endpoint.swift in Sources */,
				2281F27E23877248001D52D3 /* UICollectionViewCell+Extensions.swift in Sources */,
				220B1F25234D7EBB008BAAF6 /* AccessibilityIdentifiers.swift in Sources */,
				22C5485D2356E824002A52B4 /* EnvironmentManagerTest.swift in Sources */,
				22AA2656241F00C200761B4D /* ApodViewModelTests.swift in Sources */,
				22AD236323D51A5100AF5992 /* HTTPURLResponse+Dummy.swift in Sources */,
				22AA265F241F06CC00761B4D /* Apod+Dummy.swift in Sources */,
				22CE291E23447BCF00170FEE /* APIClient.swift in Sources */,
				2281F27F2387724A001D52D3 /* UIFont+Extensions.swift in Sources */,
				22CE291D23447BA000170FEE /* Apod.swift in Sources */,
				2200E5472396270F00897286 /* UserDefaultsBacked.swift in Sources */,
				2281F28F238791EB001D52D3 /* Optional+Extensions.swift in Sources */,
				2281F28B2387732B001D52D3 /* DateFormatter+Extensions.swift in Sources */,
				22AA265C241F04EA00761B4D /* DynamicFont.swift in Sources */,
				2281F27C23877242001D52D3 /* NSMutableAttributedString+Extensions.swift in Sources */,
				22CE291A234479E100170FEE /* MockSession.swift in Sources */,
				22C8341A2349638B00B876A6 /* OrderedSet.swift in Sources */,
				22AA2658241F018200761B4D /* ApodViewModel.swift in Sources */,
				2200E5492396271600897286 /* Localizable.swift in Sources */,
				22C834192349630200B876A6 /* OrderedSetTests.swift in Sources */,
				225A539423D579DD00677896 /* EnvironmentManager.swift in Sources */,
				22CE2919234479BC00170FEE /* CosmosClientTests.swift in Sources */,
				2281F2802387724C001D52D3 /* UITableViewCell+Extensions.swift in Sources */,
				22CE291C23447B0C00170FEE /* CosmosClient.swift in Sources */,
				2281F29423879701001D52D3 /* ShareManager.swift in Sources */,
			);
			runOnlyForDeploymentPostprocessing = 0;
		};
/* End PBXSourcesBuildPhase section */

/* Begin PBXTargetDependency section */
		22CE291123446BF400170FEE /* PBXTargetDependency */ = {
			isa = PBXTargetDependency;
			target = 2252202F2104391100221D29 /* Cosmos */;
			targetProxy = 22CE291023446BF400170FEE /* PBXContainerItemProxy */;
		};
/* End PBXTargetDependency section */

/* Begin PBXVariantGroup section */
		2200E53323961C6200897286 /* AboutViewStrings.plist */ = {
			isa = PBXVariantGroup;
			children = (
				2200E53223961C6200897286 /* en */,
			);
			name = AboutViewStrings.plist;
			sourceTree = "<group>";
		};
		2200E53D239621FE00897286 /* DetailViewStrings.plist */ = {
			isa = PBXVariantGroup;
			children = (
				2200E53E2396220100897286 /* en */,
			);
			name = DetailViewStrings.plist;
			sourceTree = "<group>";
		};
		2200E5412396220500897286 /* DiscoverViewStrings.plist */ = {
			isa = PBXVariantGroup;
			children = (
				2200E5422396220800897286 /* en */,
			);
			name = DiscoverViewStrings.plist;
			sourceTree = "<group>";
		};
		2200E5452396220D00897286 /* FavoritesViewStrings.plist */ = {
			isa = PBXVariantGroup;
			children = (
				2200E5462396221000897286 /* en */,
			);
			name = FavoritesViewStrings.plist;
			sourceTree = "<group>";
		};
		225220372104391100221D29 /* Main.storyboard */ = {
			isa = PBXVariantGroup;
			children = (
				225220382104391100221D29 /* Base */,
			);
			name = Main.storyboard;
			sourceTree = "<group>";
		};
		2252203F2104391200221D29 /* LaunchScreen.storyboard */ = {
			isa = PBXVariantGroup;
			children = (
				225220402104391200221D29 /* Base */,
			);
			name = LaunchScreen.storyboard;
			sourceTree = "<group>";
		};
		22AA2669241F095300761B4D /* MessageViewStrings.plist */ = {
			isa = PBXVariantGroup;
			children = (
				22AA2668241F095300761B4D /* en */,
			);
			name = MessageViewStrings.plist;
			sourceTree = "<group>";
		};
		22AA266D241F095A00761B4D /* ShareStrings.plist */ = {
			isa = PBXVariantGroup;
			children = (
				22AA266C241F095A00761B4D /* en */,
			);
			name = ShareStrings.plist;
			sourceTree = "<group>";
		};
/* End PBXVariantGroup section */

/* Begin XCBuildConfiguration section */
		225220432104391200221D29 /* Debug */ = {
			isa = XCBuildConfiguration;
			buildSettings = {
				ALWAYS_SEARCH_USER_PATHS = NO;
				API_BASE_URL = "https://cosmos-app-staging.herokuapp.com";
				BUILD_CONFIGURATION = Debug;
				CLANG_ANALYZER_NONNULL = YES;
				CLANG_ANALYZER_NUMBER_OBJECT_CONVERSION = YES_AGGRESSIVE;
				CLANG_CXX_LANGUAGE_STANDARD = "gnu++14";
				CLANG_CXX_LIBRARY = "libc++";
				CLANG_ENABLE_MODULES = YES;
				CLANG_ENABLE_OBJC_ARC = YES;
				CLANG_ENABLE_OBJC_WEAK = YES;
				CLANG_WARN_BLOCK_CAPTURE_AUTORELEASING = YES;
				CLANG_WARN_BOOL_CONVERSION = YES;
				CLANG_WARN_COMMA = YES;
				CLANG_WARN_CONSTANT_CONVERSION = YES;
				CLANG_WARN_DEPRECATED_OBJC_IMPLEMENTATIONS = YES;
				CLANG_WARN_DIRECT_OBJC_ISA_USAGE = YES_ERROR;
				CLANG_WARN_DOCUMENTATION_COMMENTS = YES;
				CLANG_WARN_EMPTY_BODY = YES;
				CLANG_WARN_ENUM_CONVERSION = YES;
				CLANG_WARN_INFINITE_RECURSION = YES;
				CLANG_WARN_INT_CONVERSION = YES;
				CLANG_WARN_NON_LITERAL_NULL_CONVERSION = YES;
				CLANG_WARN_OBJC_IMPLICIT_RETAIN_SELF = YES;
				CLANG_WARN_OBJC_LITERAL_CONVERSION = YES;
				CLANG_WARN_OBJC_ROOT_CLASS = YES_ERROR;
				CLANG_WARN_RANGE_LOOP_ANALYSIS = YES;
				CLANG_WARN_STRICT_PROTOTYPES = YES;
				CLANG_WARN_SUSPICIOUS_MOVE = YES;
				CLANG_WARN_UNGUARDED_AVAILABILITY = YES_AGGRESSIVE;
				CLANG_WARN_UNREACHABLE_CODE = YES;
				CLANG_WARN__DUPLICATE_METHOD_MATCH = YES;
				CODE_SIGN_IDENTITY = "iPhone Developer";
				COPY_PHASE_STRIP = NO;
				DEBUG_INFORMATION_FORMAT = dwarf;
				ENABLE_STRICT_OBJC_MSGSEND = YES;
				ENABLE_TESTABILITY = YES;
				GCC_C_LANGUAGE_STANDARD = gnu11;
				GCC_DYNAMIC_NO_PIC = NO;
				GCC_NO_COMMON_BLOCKS = YES;
				GCC_OPTIMIZATION_LEVEL = 0;
				GCC_PREPROCESSOR_DEFINITIONS = (
					"DEBUG=1",
					"$(inherited)",
				);
				GCC_WARN_64_TO_32_BIT_CONVERSION = YES;
				GCC_WARN_ABOUT_RETURN_TYPE = YES_ERROR;
				GCC_WARN_UNDECLARED_SELECTOR = YES;
				GCC_WARN_UNINITIALIZED_AUTOS = YES_AGGRESSIVE;
				GCC_WARN_UNUSED_FUNCTION = YES;
				GCC_WARN_UNUSED_VARIABLE = YES;
				IPHONEOS_DEPLOYMENT_TARGET = 13.0;
				MTL_ENABLE_DEBUG_INFO = YES;
				ONLY_ACTIVE_ARCH = YES;
				SDKROOT = iphoneos;
				SWIFT_ACTIVE_COMPILATION_CONDITIONS = DEBUG;
				SWIFT_OPTIMIZATION_LEVEL = "-Onone";
			};
			name = Debug;
		};
		225220442104391200221D29 /* Release */ = {
			isa = XCBuildConfiguration;
			buildSettings = {
				ALWAYS_SEARCH_USER_PATHS = NO;
				API_BASE_URL = "https://cosmos-app-production.herokuapp.com";
				BUILD_CONFIGURATION = Release;
				CLANG_ANALYZER_NONNULL = YES;
				CLANG_ANALYZER_NUMBER_OBJECT_CONVERSION = YES_AGGRESSIVE;
				CLANG_CXX_LANGUAGE_STANDARD = "gnu++14";
				CLANG_CXX_LIBRARY = "libc++";
				CLANG_ENABLE_MODULES = YES;
				CLANG_ENABLE_OBJC_ARC = YES;
				CLANG_ENABLE_OBJC_WEAK = YES;
				CLANG_WARN_BLOCK_CAPTURE_AUTORELEASING = YES;
				CLANG_WARN_BOOL_CONVERSION = YES;
				CLANG_WARN_COMMA = YES;
				CLANG_WARN_CONSTANT_CONVERSION = YES;
				CLANG_WARN_DEPRECATED_OBJC_IMPLEMENTATIONS = YES;
				CLANG_WARN_DIRECT_OBJC_ISA_USAGE = YES_ERROR;
				CLANG_WARN_DOCUMENTATION_COMMENTS = YES;
				CLANG_WARN_EMPTY_BODY = YES;
				CLANG_WARN_ENUM_CONVERSION = YES;
				CLANG_WARN_INFINITE_RECURSION = YES;
				CLANG_WARN_INT_CONVERSION = YES;
				CLANG_WARN_NON_LITERAL_NULL_CONVERSION = YES;
				CLANG_WARN_OBJC_IMPLICIT_RETAIN_SELF = YES;
				CLANG_WARN_OBJC_LITERAL_CONVERSION = YES;
				CLANG_WARN_OBJC_ROOT_CLASS = YES_ERROR;
				CLANG_WARN_RANGE_LOOP_ANALYSIS = YES;
				CLANG_WARN_STRICT_PROTOTYPES = YES;
				CLANG_WARN_SUSPICIOUS_MOVE = YES;
				CLANG_WARN_UNGUARDED_AVAILABILITY = YES_AGGRESSIVE;
				CLANG_WARN_UNREACHABLE_CODE = YES;
				CLANG_WARN__DUPLICATE_METHOD_MATCH = YES;
				CODE_SIGN_IDENTITY = "iPhone Developer";
				COPY_PHASE_STRIP = NO;
				DEBUG_INFORMATION_FORMAT = "dwarf-with-dsym";
				ENABLE_NS_ASSERTIONS = NO;
				ENABLE_STRICT_OBJC_MSGSEND = YES;
				GCC_C_LANGUAGE_STANDARD = gnu11;
				GCC_NO_COMMON_BLOCKS = YES;
				GCC_WARN_64_TO_32_BIT_CONVERSION = YES;
				GCC_WARN_ABOUT_RETURN_TYPE = YES_ERROR;
				GCC_WARN_UNDECLARED_SELECTOR = YES;
				GCC_WARN_UNINITIALIZED_AUTOS = YES_AGGRESSIVE;
				GCC_WARN_UNUSED_FUNCTION = YES;
				GCC_WARN_UNUSED_VARIABLE = YES;
				IPHONEOS_DEPLOYMENT_TARGET = 13.0;
				MTL_ENABLE_DEBUG_INFO = NO;
				SDKROOT = iphoneos;
				SWIFT_COMPILATION_MODE = wholemodule;
				SWIFT_OPTIMIZATION_LEVEL = "-O";
				VALIDATE_PRODUCT = YES;
			};
			name = Release;
		};
		225220462104391200221D29 /* Debug */ = {
			isa = XCBuildConfiguration;
			baseConfigurationReference = FCFF46674AFAF12E4B9F385E /* Pods-Cosmos.debug.xcconfig */;
			buildSettings = {
				ASSETCATALOG_COMPILER_APPICON_NAME = AppIcon;
				CODE_SIGN_STYLE = Automatic;
				CURRENT_PROJECT_VERSION = 1;
				DEVELOPMENT_TEAM = QFXSZ288GU;
				INFOPLIST_FILE = Cosmos/Info.plist;
				IPHONEOS_DEPLOYMENT_TARGET = 13.0;
				LD_RUNPATH_SEARCH_PATHS = (
					"$(inherited)",
					"@executable_path/Frameworks",
				);
				MARKETING_VERSION = 1.3.2;
				PRODUCT_BUNDLE_IDENTIFIER = com.samuelyanez.Cosmos;
				PRODUCT_NAME = "$(TARGET_NAME)";
				SWIFT_VERSION = 5.0;
				TARGETED_DEVICE_FAMILY = 1;
			};
			name = Debug;
		};
		225220472104391200221D29 /* Release */ = {
			isa = XCBuildConfiguration;
			baseConfigurationReference = AD9248921FA49AA81E6ADEF2 /* Pods-Cosmos.release.xcconfig */;
			buildSettings = {
				ASSETCATALOG_COMPILER_APPICON_NAME = AppIcon;
				CODE_SIGN_STYLE = Automatic;
				CURRENT_PROJECT_VERSION = 1;
				DEVELOPMENT_TEAM = QFXSZ288GU;
				INFOPLIST_FILE = Cosmos/Info.plist;
				IPHONEOS_DEPLOYMENT_TARGET = 13.0;
				LD_RUNPATH_SEARCH_PATHS = (
					"$(inherited)",
					"@executable_path/Frameworks",
				);
				MARKETING_VERSION = 1.3.2;
				PRODUCT_BUNDLE_IDENTIFIER = com.samuelyanez.Cosmos;
				PRODUCT_NAME = "$(TARGET_NAME)";
				SWIFT_VERSION = 5.0;
				TARGETED_DEVICE_FAMILY = 1;
			};
			name = Release;
		};
		22CE291223446BF400170FEE /* Debug */ = {
			isa = XCBuildConfiguration;
			buildSettings = {
				BUNDLE_LOADER = "$(TEST_HOST)";
				CODE_SIGN_STYLE = Automatic;
				DEVELOPMENT_TEAM = QFXSZ288GU;
				INFOPLIST_FILE = CosmosTests/Info.plist;
				LD_RUNPATH_SEARCH_PATHS = (
					"$(inherited)",
					"@executable_path/Frameworks",
					"@loader_path/Frameworks",
				);
				MTL_ENABLE_DEBUG_INFO = INCLUDE_SOURCE;
				MTL_FAST_MATH = YES;
				PRODUCT_BUNDLE_IDENTIFIER = sample.com.CosmosTests;
				PRODUCT_NAME = "$(TARGET_NAME)";
				SWIFT_VERSION = 5.0;
				TARGETED_DEVICE_FAMILY = "1,2";
				TEST_HOST = "$(BUILT_PRODUCTS_DIR)/Cosmos.app/Cosmos";
			};
			name = Debug;
		};
		22CE291323446BF400170FEE /* Release */ = {
			isa = XCBuildConfiguration;
			buildSettings = {
				BUNDLE_LOADER = "$(TEST_HOST)";
				CODE_SIGN_STYLE = Automatic;
				DEVELOPMENT_TEAM = QFXSZ288GU;
				INFOPLIST_FILE = CosmosTests/Info.plist;
				LD_RUNPATH_SEARCH_PATHS = (
					"$(inherited)",
					"@executable_path/Frameworks",
					"@loader_path/Frameworks",
				);
				MTL_FAST_MATH = YES;
				PRODUCT_BUNDLE_IDENTIFIER = sample.com.CosmosTests;
				PRODUCT_NAME = "$(TARGET_NAME)";
				SWIFT_VERSION = 5.0;
				TARGETED_DEVICE_FAMILY = "1,2";
				TEST_HOST = "$(BUILT_PRODUCTS_DIR)/Cosmos.app/Cosmos";
			};
			name = Release;
		};
/* End XCBuildConfiguration section */

/* Begin XCConfigurationList section */
		2252202B2104391100221D29 /* Build configuration list for PBXProject "Cosmos" */ = {
			isa = XCConfigurationList;
			buildConfigurations = (
				225220432104391200221D29 /* Debug */,
				225220442104391200221D29 /* Release */,
			);
			defaultConfigurationIsVisible = 0;
			defaultConfigurationName = Release;
		};
		225220452104391200221D29 /* Build configuration list for PBXNativeTarget "Cosmos" */ = {
			isa = XCConfigurationList;
			buildConfigurations = (
				225220462104391200221D29 /* Debug */,
				225220472104391200221D29 /* Release */,
			);
			defaultConfigurationIsVisible = 0;
			defaultConfigurationName = Release;
		};
		22CE291423446BF400170FEE /* Build configuration list for PBXNativeTarget "CosmosTests" */ = {
			isa = XCConfigurationList;
			buildConfigurations = (
				22CE291223446BF400170FEE /* Debug */,
				22CE291323446BF400170FEE /* Release */,
			);
			defaultConfigurationIsVisible = 0;
			defaultConfigurationName = Release;
		};
/* End XCConfigurationList section */
	};
	rootObject = 225220282104391100221D29 /* Project object */;
}
