// !$*UTF8*$!
{
	archiveVersion = 1;
	classes = {
	};
	objectVersion = 51;
	objects = {

/* Begin PBXBuildFile section */
		2202F50D211ECE4700DEFDE1 /* DetailViewController.swift in Sources */ = {isa = PBXBuildFile; fileRef = 2202F50C211ECE4700DEFDE1 /* DetailViewController.swift */; };
		222DDF6222D285E800BE3645 /* MockClient.swift in Sources */ = {isa = PBXBuildFile; fileRef = 222DDF6122D285E800BE3645 /* MockClient.swift */; };
		222DDF6522D2869E00BE3645 /* apod-response.json in Resources */ = {isa = PBXBuildFile; fileRef = 222DDF6422D2869E00BE3645 /* apod-response.json */; };
		2244523B212D08A100889244 /* Assets.xcassets in Resources */ = {isa = PBXBuildFile; fileRef = 2244523A212D08A100889244 /* Assets.xcassets */; };
		225220342104391100221D29 /* AppDelegate.swift in Sources */ = {isa = PBXBuildFile; fileRef = 225220332104391100221D29 /* AppDelegate.swift */; };
		225220362104391100221D29 /* DiscoverViewController.swift in Sources */ = {isa = PBXBuildFile; fileRef = 225220352104391100221D29 /* DiscoverViewController.swift */; };
		225220392104391100221D29 /* Main.storyboard in Resources */ = {isa = PBXBuildFile; fileRef = 225220372104391100221D29 /* Main.storyboard */; };
		2252203C2104391100221D29 /* Cosmos.xcdatamodeld in Sources */ = {isa = PBXBuildFile; fileRef = 2252203A2104391100221D29 /* Cosmos.xcdatamodeld */; };
		225220412104391200221D29 /* LaunchScreen.storyboard in Resources */ = {isa = PBXBuildFile; fileRef = 2252203F2104391200221D29 /* LaunchScreen.storyboard */; };
		2252204921043C0E00221D29 /* APOD.swift in Sources */ = {isa = PBXBuildFile; fileRef = 2252204821043C0E00221D29 /* APOD.swift */; };
		22AA95B021055E47001B755F /* Endpoint.swift in Sources */ = {isa = PBXBuildFile; fileRef = 22AA95AF21055E47001B755F /* Endpoint.swift */; };
		22B3810A2104569000DCDC24 /* BaseCell.swift in Sources */ = {isa = PBXBuildFile; fileRef = 22B381092104569000DCDC24 /* BaseCell.swift */; };
		22B381122104583800DCDC24 /* CosmosCell.swift in Sources */ = {isa = PBXBuildFile; fileRef = 22B381102104583800DCDC24 /* CosmosCell.swift */; };
		22BC0A0D21056A580086BB19 /* CosmosClient.swift in Sources */ = {isa = PBXBuildFile; fileRef = 22BC0A0C21056A580086BB19 /* CosmosClient.swift */; };
		22C15CAD21AB642200DB287E /* Extensions.swift in Sources */ = {isa = PBXBuildFile; fileRef = 22C15CAC21AB642200DB287E /* Extensions.swift */; };
		22C3174421D04CA500A26D00 /* APODViewModel.swift in Sources */ = {isa = PBXBuildFile; fileRef = 22C3174321D04CA500A26D00 /* APODViewModel.swift */; };
		22D47127211C0E5A0006EAD6 /* DiscoverDataSource.swift in Sources */ = {isa = PBXBuildFile; fileRef = 22D47126211C0E5A0006EAD6 /* DiscoverDataSource.swift */; };
		22DABE4221BC617F004D6EBF /* TabBarViewController.swift in Sources */ = {isa = PBXBuildFile; fileRef = 22DABE4121BC617F004D6EBF /* TabBarViewController.swift */; };
		22DABE4421BC79D8004D6EBF /* CosmosError.swift in Sources */ = {isa = PBXBuildFile; fileRef = 22DABE4321BC79D8004D6EBF /* CosmosError.swift */; };
		22F711B722A8EC5200F71646 /* Pods_Cosmos.framework in Frameworks */ = {isa = PBXBuildFile; fileRef = 523698EF916740C4BFD9F99D /* Pods_Cosmos.framework */; };
		22FA5F09229B4EC000E27EC4 /* APIClient.swift in Sources */ = {isa = PBXBuildFile; fileRef = 22FA5F08229B4EC000E27EC4 /* APIClient.swift */; };
/* End PBXBuildFile section */

/* Begin PBXFileReference section */
		2202F50C211ECE4700DEFDE1 /* DetailViewController.swift */ = {isa = PBXFileReference; lastKnownFileType = sourcecode.swift; path = DetailViewController.swift; sourceTree = "<group>"; };
		222DDF6122D285E800BE3645 /* MockClient.swift */ = {isa = PBXFileReference; lastKnownFileType = sourcecode.swift; path = MockClient.swift; sourceTree = "<group>"; };
		222DDF6422D2869E00BE3645 /* apod-response.json */ = {isa = PBXFileReference; fileEncoding = 4; lastKnownFileType = text.json; path = "apod-response.json"; sourceTree = "<group>"; };
		2244523A212D08A100889244 /* Assets.xcassets */ = {isa = PBXFileReference; lastKnownFileType = folder.assetcatalog; path = Assets.xcassets; sourceTree = "<group>"; };
		225220302104391100221D29 /* Cosmos.app */ = {isa = PBXFileReference; explicitFileType = wrapper.application; includeInIndex = 0; path = Cosmos.app; sourceTree = BUILT_PRODUCTS_DIR; };
		225220332104391100221D29 /* AppDelegate.swift */ = {isa = PBXFileReference; lastKnownFileType = sourcecode.swift; path = AppDelegate.swift; sourceTree = "<group>"; };
		225220352104391100221D29 /* DiscoverViewController.swift */ = {isa = PBXFileReference; lastKnownFileType = sourcecode.swift; path = DiscoverViewController.swift; sourceTree = "<group>"; };
		225220382104391100221D29 /* Base */ = {isa = PBXFileReference; lastKnownFileType = file.storyboard; name = Base; path = Base.lproj/Main.storyboard; sourceTree = "<group>"; };
		2252203B2104391100221D29 /* Cosmos.xcdatamodel */ = {isa = PBXFileReference; lastKnownFileType = wrapper.xcdatamodel; path = Cosmos.xcdatamodel; sourceTree = "<group>"; };
		225220402104391200221D29 /* Base */ = {isa = PBXFileReference; lastKnownFileType = file.storyboard; name = Base; path = Base.lproj/LaunchScreen.storyboard; sourceTree = "<group>"; };
		225220422104391200221D29 /* Info.plist */ = {isa = PBXFileReference; lastKnownFileType = text.plist.xml; path = Info.plist; sourceTree = "<group>"; };
		2252204821043C0E00221D29 /* APOD.swift */ = {isa = PBXFileReference; lastKnownFileType = sourcecode.swift; path = APOD.swift; sourceTree = "<group>"; };
		22AA95AF21055E47001B755F /* Endpoint.swift */ = {isa = PBXFileReference; lastKnownFileType = sourcecode.swift; path = Endpoint.swift; sourceTree = "<group>"; };
		22B381092104569000DCDC24 /* BaseCell.swift */ = {isa = PBXFileReference; lastKnownFileType = sourcecode.swift; path = BaseCell.swift; sourceTree = "<group>"; };
		22B381102104583800DCDC24 /* CosmosCell.swift */ = {isa = PBXFileReference; lastKnownFileType = sourcecode.swift; path = CosmosCell.swift; sourceTree = "<group>"; };
		22BC0A0C21056A580086BB19 /* CosmosClient.swift */ = {isa = PBXFileReference; lastKnownFileType = sourcecode.swift; path = CosmosClient.swift; sourceTree = "<group>"; };
		22C15CAC21AB642200DB287E /* Extensions.swift */ = {isa = PBXFileReference; lastKnownFileType = sourcecode.swift; path = Extensions.swift; sourceTree = "<group>"; };
		22C3174321D04CA500A26D00 /* APODViewModel.swift */ = {isa = PBXFileReference; lastKnownFileType = sourcecode.swift; path = APODViewModel.swift; sourceTree = "<group>"; };
		22D47126211C0E5A0006EAD6 /* DiscoverDataSource.swift */ = {isa = PBXFileReference; lastKnownFileType = sourcecode.swift; path = DiscoverDataSource.swift; sourceTree = "<group>"; };
		22DABE4121BC617F004D6EBF /* TabBarViewController.swift */ = {isa = PBXFileReference; lastKnownFileType = sourcecode.swift; path = TabBarViewController.swift; sourceTree = "<group>"; };
		22DABE4321BC79D8004D6EBF /* CosmosError.swift */ = {isa = PBXFileReference; lastKnownFileType = sourcecode.swift; path = CosmosError.swift; sourceTree = "<group>"; };
		22FA5F08229B4EC000E27EC4 /* APIClient.swift */ = {isa = PBXFileReference; fileEncoding = 4; lastKnownFileType = sourcecode.swift; path = APIClient.swift; sourceTree = "<group>"; };
		523698EF916740C4BFD9F99D /* Pods_Cosmos.framework */ = {isa = PBXFileReference; explicitFileType = wrapper.framework; includeInIndex = 0; path = Pods_Cosmos.framework; sourceTree = BUILT_PRODUCTS_DIR; };
		AD9248921FA49AA81E6ADEF2 /* Pods-Cosmos.release.xcconfig */ = {isa = PBXFileReference; includeInIndex = 1; lastKnownFileType = text.xcconfig; name = "Pods-Cosmos.release.xcconfig"; path = "Pods/Target Support Files/Pods-Cosmos/Pods-Cosmos.release.xcconfig"; sourceTree = "<group>"; };
		FCFF46674AFAF12E4B9F385E /* Pods-Cosmos.debug.xcconfig */ = {isa = PBXFileReference; includeInIndex = 1; lastKnownFileType = text.xcconfig; name = "Pods-Cosmos.debug.xcconfig"; path = "Pods/Target Support Files/Pods-Cosmos/Pods-Cosmos.debug.xcconfig"; sourceTree = "<group>"; };
/* End PBXFileReference section */

/* Begin PBXFrameworksBuildPhase section */
		2252202D2104391100221D29 /* Frameworks */ = {
			isa = PBXFrameworksBuildPhase;
			buildActionMask = 2147483647;
			files = (
				22F711B722A8EC5200F71646 /* Pods_Cosmos.framework in Frameworks */,
			);
			runOnlyForDeploymentPostprocessing = 0;
		};
/* End PBXFrameworksBuildPhase section */

/* Begin PBXGroup section */
		09DE3B89D5716714C8F01DEF /* Pods */ = {
			isa = PBXGroup;
			children = (
				FCFF46674AFAF12E4B9F385E /* Pods-Cosmos.debug.xcconfig */,
				AD9248921FA49AA81E6ADEF2 /* Pods-Cosmos.release.xcconfig */,
			);
			name = Pods;
			sourceTree = "<group>";
		};
		100FFF18CA2661C69B3600C3 /* Frameworks */ = {
			isa = PBXGroup;
			children = (
				523698EF916740C4BFD9F99D /* Pods_Cosmos.framework */,
			);
			name = Frameworks;
			sourceTree = "<group>";
		};
		221AC07521059C60006006B7 /* Controllers */ = {
			isa = PBXGroup;
			children = (
				22DABE4121BC617F004D6EBF /* TabBarViewController.swift */,
				225220352104391100221D29 /* DiscoverViewController.swift */,
				2202F50C211ECE4700DEFDE1 /* DetailViewController.swift */,
			);
			path = Controllers;
			sourceTree = "<group>";
		};
		221AC07621059C7C006006B7 /* Storyboards */ = {
			isa = PBXGroup;
			children = (
				225220372104391100221D29 /* Main.storyboard */,
				2252203F2104391200221D29 /* LaunchScreen.storyboard */,
			);
			path = Storyboards;
			sourceTree = "<group>";
		};
		222DDF6322D2863900BE3645 /* Resources */ = {
			isa = PBXGroup;
			children = (
				222DDF6422D2869E00BE3645 /* apod-response.json */,
			);
			path = Resources;
			sourceTree = "<group>";
		};
		225220272104391100221D29 = {
			isa = PBXGroup;
			children = (
				225220322104391100221D29 /* Cosmos */,
				225220312104391100221D29 /* Products */,
				09DE3B89D5716714C8F01DEF /* Pods */,
				100FFF18CA2661C69B3600C3 /* Frameworks */,
			);
			sourceTree = "<group>";
		};
		225220312104391100221D29 /* Products */ = {
			isa = PBXGroup;
			children = (
				225220302104391100221D29 /* Cosmos.app */,
			);
			name = Products;
			sourceTree = "<group>";
		};
		225220322104391100221D29 /* Cosmos */ = {
			isa = PBXGroup;
			children = (
				221AC07621059C7C006006B7 /* Storyboards */,
				22AA95AC2105579E001B755F /* Views */,
				22A7D3E62117F7690011B097 /* Data Sources */,
				221AC07521059C60006006B7 /* Controllers */,
				22AA95AE21055DE7001B755F /* Models */,
				22AA95AD21055DD9001B755F /* Networking */,
				222DDF6322D2863900BE3645 /* Resources */,
				225810A2213674E900ECBCC3 /* Extensions */,
				225220332104391100221D29 /* AppDelegate.swift */,
				2252203A2104391100221D29 /* Cosmos.xcdatamodeld */,
				225220422104391200221D29 /* Info.plist */,
				2244523A212D08A100889244 /* Assets.xcassets */,
			);
			path = Cosmos;
			sourceTree = "<group>";
		};
		225810A2213674E900ECBCC3 /* Extensions */ = {
			isa = PBXGroup;
			children = (
				22C15CAC21AB642200DB287E /* Extensions.swift */,
			);
			path = Extensions;
			sourceTree = "<group>";
		};
		22A7D3E62117F7690011B097 /* Data Sources */ = {
			isa = PBXGroup;
			children = (
				22D47126211C0E5A0006EAD6 /* DiscoverDataSource.swift */,
			);
			path = "Data Sources";
			sourceTree = "<group>";
		};
		22AA95AC2105579E001B755F /* Views */ = {
			isa = PBXGroup;
			children = (
				22B3810B2104569700DCDC24 /* Cells */,
			);
			path = Views;
			sourceTree = "<group>";
		};
		22AA95AD21055DD9001B755F /* Networking */ = {
			isa = PBXGroup;
			children = (
				22AA95AF21055E47001B755F /* Endpoint.swift */,
				22FA5F08229B4EC000E27EC4 /* APIClient.swift */,
				22BC0A0C21056A580086BB19 /* CosmosClient.swift */,
				222DDF6122D285E800BE3645 /* MockClient.swift */,
			);
			path = Networking;
			sourceTree = "<group>";
		};
		22AA95AE21055DE7001B755F /* Models */ = {
			isa = PBXGroup;
			children = (
				2252204821043C0E00221D29 /* APOD.swift */,
				22C3174321D04CA500A26D00 /* APODViewModel.swift */,
				22DABE4321BC79D8004D6EBF /* CosmosError.swift */,
			);
			path = Models;
			sourceTree = "<group>";
		};
		22B3810B2104569700DCDC24 /* Cells */ = {
			isa = PBXGroup;
			children = (
				22B381092104569000DCDC24 /* BaseCell.swift */,
				22B381102104583800DCDC24 /* CosmosCell.swift */,
			);
			path = Cells;
			sourceTree = "<group>";
		};
/* End PBXGroup section */

/* Begin PBXNativeTarget section */
		2252202F2104391100221D29 /* Cosmos */ = {
			isa = PBXNativeTarget;
			buildConfigurationList = 225220452104391200221D29 /* Build configuration list for PBXNativeTarget "Cosmos" */;
			buildPhases = (
				823ED39ECC2F9737B111F087 /* [CP] Check Pods Manifest.lock */,
				2205F34922C995F600EB80B8 /* ShellScript */,
				2252202C2104391100221D29 /* Sources */,
				2252202D2104391100221D29 /* Frameworks */,
				2252202E2104391100221D29 /* Resources */,
				FFF884932721530032AADD5F /* [CP] Embed Pods Frameworks */,
			);
			buildRules = (
			);
			dependencies = (
			);
			name = Cosmos;
			productName = Cosmos;
			productReference = 225220302104391100221D29 /* Cosmos.app */;
			productType = "com.apple.product-type.application";
		};
/* End PBXNativeTarget section */

/* Begin PBXProject section */
		225220282104391100221D29 /* Project object */ = {
			isa = PBXProject;
			attributes = {
				LastSwiftUpdateCheck = 0940;
				LastUpgradeCheck = 0940;
				ORGANIZATIONNAME = "Samuel Yanez";
				TargetAttributes = {
					2252202F2104391100221D29 = {
						CreatedOnToolsVersion = 9.4.1;
						LastSwiftMigration = 1020;
					};
				};
			};
			buildConfigurationList = 2252202B2104391100221D29 /* Build configuration list for PBXProject "Cosmos" */;
			compatibilityVersion = "Xcode 9.3";
			developmentRegion = en;
			hasScannedForEncodings = 0;
			knownRegions = (
				en,
				Base,
			);
			mainGroup = 225220272104391100221D29;
			productRefGroup = 225220312104391100221D29 /* Products */;
			projectDirPath = "";
			projectRoot = "";
			targets = (
				2252202F2104391100221D29 /* Cosmos */,
			);
		};
/* End PBXProject section */

/* Begin PBXResourcesBuildPhase section */
		2252202E2104391100221D29 /* Resources */ = {
			isa = PBXResourcesBuildPhase;
			buildActionMask = 2147483647;
			files = (
				225220412104391200221D29 /* LaunchScreen.storyboard in Resources */,
				225220392104391100221D29 /* Main.storyboard in Resources */,
				222DDF6522D2869E00BE3645 /* apod-response.json in Resources */,
				2244523B212D08A100889244 /* Assets.xcassets in Resources */,
			);
			runOnlyForDeploymentPostprocessing = 0;
		};
/* End PBXResourcesBuildPhase section */

/* Begin PBXShellScriptBuildPhase section */
		2205F34922C995F600EB80B8 /* ShellScript */ = {
			isa = PBXShellScriptBuildPhase;
			buildActionMask = 2147483647;
			files = (
			);
			inputFileListPaths = (
			);
			inputPaths = (
			);
			outputFileListPaths = (
			);
			outputPaths = (
			);
			runOnlyForDeploymentPostprocessing = 0;
			shellPath = /bin/sh;
			shellScript = "\"${PODS_ROOT}/SwiftLint/swiftlint\"\n";
		};
		823ED39ECC2F9737B111F087 /* [CP] Check Pods Manifest.lock */ = {
			isa = PBXShellScriptBuildPhase;
			buildActionMask = 2147483647;
			files = (
			);
			inputPaths = (
				"${PODS_PODFILE_DIR_PATH}/Podfile.lock",
				"${PODS_ROOT}/Manifest.lock",
			);
			name = "[CP] Check Pods Manifest.lock";
			outputPaths = (
				"$(DERIVED_FILE_DIR)/Pods-Cosmos-checkManifestLockResult.txt",
			);
			runOnlyForDeploymentPostprocessing = 0;
			shellPath = /bin/sh;
			shellScript = "diff \"${PODS_PODFILE_DIR_PATH}/Podfile.lock\" \"${PODS_ROOT}/Manifest.lock\" > /dev/null\nif [ $? != 0 ] ; then\n    # print error to STDERR\n    echo \"error: The sandbox is not in sync with the Podfile.lock. Run 'pod install' or update your CocoaPods installation.\" >&2\n    exit 1\nfi\n# This output is used by Xcode 'outputs' to avoid re-running this script phase.\necho \"SUCCESS\" > \"${SCRIPT_OUTPUT_FILE_0}\"\n";
			showEnvVarsInLog = 0;
		};
		FFF884932721530032AADD5F /* [CP] Embed Pods Frameworks */ = {
			isa = PBXShellScriptBuildPhase;
			buildActionMask = 2147483647;
			files = (
			);
			inputFileListPaths = (
				"${PODS_ROOT}/Target Support Files/Pods-Cosmos/Pods-Cosmos-frameworks-${CONFIGURATION}-input-files.xcfilelist",
			);
			name = "[CP] Embed Pods Frameworks";
			outputFileListPaths = (
				"${PODS_ROOT}/Target Support Files/Pods-Cosmos/Pods-Cosmos-frameworks-${CONFIGURATION}-output-files.xcfilelist",
			);
			runOnlyForDeploymentPostprocessing = 0;
			shellPath = /bin/sh;
			shellScript = "\"${PODS_ROOT}/Target Support Files/Pods-Cosmos/Pods-Cosmos-frameworks.sh\"\n";
			showEnvVarsInLog = 0;
		};
/* End PBXShellScriptBuildPhase section */

/* Begin PBXSourcesBuildPhase section */
		2252202C2104391100221D29 /* Sources */ = {
			isa = PBXSourcesBuildPhase;
			buildActionMask = 2147483647;
			files = (
				2202F50D211ECE4700DEFDE1 /* DetailViewController.swift in Sources */,
				22FA5F09229B4EC000E27EC4 /* APIClient.swift in Sources */,
				22B3810A2104569000DCDC24 /* BaseCell.swift in Sources */,
				22DABE4421BC79D8004D6EBF /* CosmosError.swift in Sources */,
				222DDF6222D285E800BE3645 /* MockClient.swift in Sources */,
				225220362104391100221D29 /* DiscoverViewController.swift in Sources */,
				22AA95B021055E47001B755F /* Endpoint.swift in Sources */,
				22C3174421D04CA500A26D00 /* APODViewModel.swift in Sources */,
				22BC0A0D21056A580086BB19 /* CosmosClient.swift in Sources */,
				2252204921043C0E00221D29 /* APOD.swift in Sources */,
				2252203C2104391100221D29 /* Cosmos.xcdatamodeld in Sources */,
				22B381122104583800DCDC24 /* CosmosCell.swift in Sources */,
				22C15CAD21AB642200DB287E /* Extensions.swift in Sources */,
				22D47127211C0E5A0006EAD6 /* DiscoverDataSource.swift in Sources */,
				225220342104391100221D29 /* AppDelegate.swift in Sources */,
				22DABE4221BC617F004D6EBF /* TabBarViewController.swift in Sources */,
			);
			runOnlyForDeploymentPostprocessing = 0;
		};
/* End PBXSourcesBuildPhase section */

/* Begin PBXVariantGroup section */
		225220372104391100221D29 /* Main.storyboard */ = {
			isa = PBXVariantGroup;
			children = (
				225220382104391100221D29 /* Base */,
			);
			name = Main.storyboard;
			sourceTree = "<group>";
		};
		2252203F2104391200221D29 /* LaunchScreen.storyboard */ = {
			isa = PBXVariantGroup;
			children = (
				225220402104391200221D29 /* Base */,
			);
			name = LaunchScreen.storyboard;
			sourceTree = "<group>";
		};
/* End PBXVariantGroup section */

/* Begin XCBuildConfiguration section */
		225220432104391200221D29 /* Debug */ = {
			isa = XCBuildConfiguration;
			buildSettings = {
				ALWAYS_SEARCH_USER_PATHS = NO;
				CLANG_ANALYZER_NONNULL = YES;
				CLANG_ANALYZER_NUMBER_OBJECT_CONVERSION = YES_AGGRESSIVE;
				CLANG_CXX_LANGUAGE_STANDARD = "gnu++14";
				CLANG_CXX_LIBRARY = "libc++";
				CLANG_ENABLE_MODULES = YES;
				CLANG_ENABLE_OBJC_ARC = YES;
				CLANG_ENABLE_OBJC_WEAK = YES;
				CLANG_WARN_BLOCK_CAPTURE_AUTORELEASING = YES;
				CLANG_WARN_BOOL_CONVERSION = YES;
				CLANG_WARN_COMMA = YES;
				CLANG_WARN_CONSTANT_CONVERSION = YES;
				CLANG_WARN_DEPRECATED_OBJC_IMPLEMENTATIONS = YES;
				CLANG_WARN_DIRECT_OBJC_ISA_USAGE = YES_ERROR;
				CLANG_WARN_DOCUMENTATION_COMMENTS = YES;
				CLANG_WARN_EMPTY_BODY = YES;
				CLANG_WARN_ENUM_CONVERSION = YES;
				CLANG_WARN_INFINITE_RECURSION = YES;
				CLANG_WARN_INT_CONVERSION = YES;
				CLANG_WARN_NON_LITERAL_NULL_CONVERSION = YES;
				CLANG_WARN_OBJC_IMPLICIT_RETAIN_SELF = YES;
				CLANG_WARN_OBJC_LITERAL_CONVERSION = YES;
				CLANG_WARN_OBJC_ROOT_CLASS = YES_ERROR;
				CLANG_WARN_RANGE_LOOP_ANALYSIS = YES;
				CLANG_WARN_STRICT_PROTOTYPES = YES;
				CLANG_WARN_SUSPICIOUS_MOVE = YES;
				CLANG_WARN_UNGUARDED_AVAILABILITY = YES_AGGRESSIVE;
				CLANG_WARN_UNREACHABLE_CODE = YES;
				CLANG_WARN__DUPLICATE_METHOD_MATCH = YES;
				CODE_SIGN_IDENTITY = "iPhone Developer";
				COPY_PHASE_STRIP = NO;
				DEBUG_INFORMATION_FORMAT = dwarf;
				ENABLE_STRICT_OBJC_MSGSEND = YES;
				ENABLE_TESTABILITY = YES;
				GCC_C_LANGUAGE_STANDARD = gnu11;
				GCC_DYNAMIC_NO_PIC = NO;
				GCC_NO_COMMON_BLOCKS = YES;
				GCC_OPTIMIZATION_LEVEL = 0;
				GCC_PREPROCESSOR_DEFINITIONS = (
					"DEBUG=1",
					"$(inherited)",
				);
				GCC_WARN_64_TO_32_BIT_CONVERSION = YES;
				GCC_WARN_ABOUT_RETURN_TYPE = YES_ERROR;
				GCC_WARN_UNDECLARED_SELECTOR = YES;
				GCC_WARN_UNINITIALIZED_AUTOS = YES_AGGRESSIVE;
				GCC_WARN_UNUSED_FUNCTION = YES;
				GCC_WARN_UNUSED_VARIABLE = YES;
				IPHONEOS_DEPLOYMENT_TARGET = 12.0;
				MTL_ENABLE_DEBUG_INFO = YES;
				ONLY_ACTIVE_ARCH = YES;
				SDKROOT = iphoneos;
				SWIFT_ACTIVE_COMPILATION_CONDITIONS = DEBUG;
				SWIFT_OPTIMIZATION_LEVEL = "-Onone";
			};
			name = Debug;
		};
		225220442104391200221D29 /* Release */ = {
			isa = XCBuildConfiguration;
			buildSettings = {
				ALWAYS_SEARCH_USER_PATHS = NO;
				CLANG_ANALYZER_NONNULL = YES;
				CLANG_ANALYZER_NUMBER_OBJECT_CONVERSION = YES_AGGRESSIVE;
				CLANG_CXX_LANGUAGE_STANDARD = "gnu++14";
				CLANG_CXX_LIBRARY = "libc++";
				CLANG_ENABLE_MODULES = YES;
				CLANG_ENABLE_OBJC_ARC = YES;
				CLANG_ENABLE_OBJC_WEAK = YES;
				CLANG_WARN_BLOCK_CAPTURE_AUTORELEASING = YES;
				CLANG_WARN_BOOL_CONVERSION = YES;
				CLANG_WARN_COMMA = YES;
				CLANG_WARN_CONSTANT_CONVERSION = YES;
				CLANG_WARN_DEPRECATED_OBJC_IMPLEMENTATIONS = YES;
				CLANG_WARN_DIRECT_OBJC_ISA_USAGE = YES_ERROR;
				CLANG_WARN_DOCUMENTATION_COMMENTS = YES;
				CLANG_WARN_EMPTY_BODY = YES;
				CLANG_WARN_ENUM_CONVERSION = YES;
				CLANG_WARN_INFINITE_RECURSION = YES;
				CLANG_WARN_INT_CONVERSION = YES;
				CLANG_WARN_NON_LITERAL_NULL_CONVERSION = YES;
				CLANG_WARN_OBJC_IMPLICIT_RETAIN_SELF = YES;
				CLANG_WARN_OBJC_LITERAL_CONVERSION = YES;
				CLANG_WARN_OBJC_ROOT_CLASS = YES_ERROR;
				CLANG_WARN_RANGE_LOOP_ANALYSIS = YES;
				CLANG_WARN_STRICT_PROTOTYPES = YES;
				CLANG_WARN_SUSPICIOUS_MOVE = YES;
				CLANG_WARN_UNGUARDED_AVAILABILITY = YES_AGGRESSIVE;
				CLANG_WARN_UNREACHABLE_CODE = YES;
				CLANG_WARN__DUPLICATE_METHOD_MATCH = YES;
				CODE_SIGN_IDENTITY = "iPhone Developer";
				COPY_PHASE_STRIP = NO;
				DEBUG_INFORMATION_FORMAT = "dwarf-with-dsym";
				ENABLE_NS_ASSERTIONS = NO;
				ENABLE_STRICT_OBJC_MSGSEND = YES;
				GCC_C_LANGUAGE_STANDARD = gnu11;
				GCC_NO_COMMON_BLOCKS = YES;
				GCC_WARN_64_TO_32_BIT_CONVERSION = YES;
				GCC_WARN_ABOUT_RETURN_TYPE = YES_ERROR;
				GCC_WARN_UNDECLARED_SELECTOR = YES;
				GCC_WARN_UNINITIALIZED_AUTOS = YES_AGGRESSIVE;
				GCC_WARN_UNUSED_FUNCTION = YES;
				GCC_WARN_UNUSED_VARIABLE = YES;
				IPHONEOS_DEPLOYMENT_TARGET = 12.0;
				MTL_ENABLE_DEBUG_INFO = NO;
				SDKROOT = iphoneos;
				SWIFT_COMPILATION_MODE = wholemodule;
				SWIFT_OPTIMIZATION_LEVEL = "-O";
				VALIDATE_PRODUCT = YES;
			};
			name = Release;
		};
		225220462104391200221D29 /* Debug */ = {
			isa = XCBuildConfiguration;
			baseConfigurationReference = FCFF46674AFAF12E4B9F385E /* Pods-Cosmos.debug.xcconfig */;
			buildSettings = {
				ASSETCATALOG_COMPILER_APPICON_NAME = AppIcon;
				CODE_SIGN_STYLE = Automatic;
				DEVELOPMENT_TEAM = QFXSZ288GU;
				INFOPLIST_FILE = Cosmos/Info.plist;
				IPHONEOS_DEPLOYMENT_TARGET = 12.0;
				LD_RUNPATH_SEARCH_PATHS = (
					"$(inherited)",
					"@executable_path/Frameworks",
				);
				PRODUCT_BUNDLE_IDENTIFIER = com.samuelyanez.Cosmos;
				PRODUCT_NAME = "$(TARGET_NAME)";
				SWIFT_VERSION = 5.0;
				TARGETED_DEVICE_FAMILY = 1;
			};
			name = Debug;
		};
		225220472104391200221D29 /* Release */ = {
			isa = XCBuildConfiguration;
			baseConfigurationReference = AD9248921FA49AA81E6ADEF2 /* Pods-Cosmos.release.xcconfig */;
			buildSettings = {
				ASSETCATALOG_COMPILER_APPICON_NAME = AppIcon;
				CODE_SIGN_STYLE = Automatic;
				DEVELOPMENT_TEAM = QFXSZ288GU;
				INFOPLIST_FILE = Cosmos/Info.plist;
				IPHONEOS_DEPLOYMENT_TARGET = 12.0;
				LD_RUNPATH_SEARCH_PATHS = (
					"$(inherited)",
					"@executable_path/Frameworks",
				);
				PRODUCT_BUNDLE_IDENTIFIER = com.samuelyanez.Cosmos;
				PRODUCT_NAME = "$(TARGET_NAME)";
				SWIFT_VERSION = 5.0;
				TARGETED_DEVICE_FAMILY = 1;
			};
			name = Release;
		};
/* End XCBuildConfiguration section */

/* Begin XCConfigurationList section */
		2252202B2104391100221D29 /* Build configuration list for PBXProject "Cosmos" */ = {
			isa = XCConfigurationList;
			buildConfigurations = (
				225220432104391200221D29 /* Debug */,
				225220442104391200221D29 /* Release */,
			);
			defaultConfigurationIsVisible = 0;
			defaultConfigurationName = Release;
		};
		225220452104391200221D29 /* Build configuration list for PBXNativeTarget "Cosmos" */ = {
			isa = XCConfigurationList;
			buildConfigurations = (
				225220462104391200221D29 /* Debug */,
				225220472104391200221D29 /* Release */,
			);
			defaultConfigurationIsVisible = 0;
			defaultConfigurationName = Release;
		};
/* End XCConfigurationList section */

/* Begin XCVersionGroup section */
		2252203A2104391100221D29 /* Cosmos.xcdatamodeld */ = {
			isa = XCVersionGroup;
			children = (
				2252203B2104391100221D29 /* Cosmos.xcdatamodel */,
			);
			currentVersion = 2252203B2104391100221D29 /* Cosmos.xcdatamodel */;
			path = Cosmos.xcdatamodeld;
			sourceTree = "<group>";
			versionGroupType = wrapper.xcdatamodel;
		};
/* End XCVersionGroup section */
	};
	rootObject = 225220282104391100221D29 /* Project object */;
}
